
Microsoft Visual Studio Solution File, Format Version 12.00
# Visual Studio Version 16
VisualStudioVersion = 16.0.29409.12
MinimumVisualStudioVersion = 10.0.40219.1
Project("{FAE04EC0-301F-11D3-BF4B-00C04F79EFBC}") = "13.Workshop-CustomDoublyLinkedList", "13.Workshop-CustomDoublyLinkedList\13.Workshop-CustomDoublyLinkedList.csproj", "{6B9750B7-606D-4F42-8845-FE8B75E2EE1D}"
EndProject
Global
	GlobalSection(SolutionConfigurationPlatforms) = preSolution
		Debug|Any CPU = Debug|Any CPU
		Release|Any CPU = Release|Any CPU
	EndGlobalSection
	GlobalSection(ProjectConfigurationPlatforms) = postSolution
		{6B9750B7-606D-4F42-8845-FE8B75E2EE1D}.Debug|Any CPU.ActiveCfg = Debug|Any CPU
		{6B9750B7-606D-4F42-8845-FE8B75E2EE1D}.Debug|Any CPU.Build.0 = Debug|Any CPU
		{6B9750B7-606D-4F42-8845-FE8B75E2EE1D}.Release|Any CPU.ActiveCfg = Release|Any CPU
		{6B9750B7-606D-4F42-8845-FE8B75E2EE1D}.Release|Any CPU.Build.0 = Release|Any CPU
	EndGlobalSection
	GlobalSection(SolutionProperties) = preSolution
		HideSolutionNode = FALSE
	EndGlobalSection
	GlobalSection(ExtensibilityGlobals) = postSolution
		SolutionGuid = {4917FE73-F025-4D51-BC98-F366A6A30867}
	EndGlobalSection
EndGlobal
