
Microsoft Visual Studio Solution File, Format Version 12.00
# Visual Studio Version 16
VisualStudioVersion = 16.0.29326.143
MinimumVisualStudioVersion = 10.0.40219.1
Project("{9A19103F-16F7-4668-BE54-9A1E7A4F7556}") = "0.1 Smalletst of Three Numbers", "Methods - Exercise\0.1 Smalletst of Three Numbers.csproj", "{7B250DBE-05F1-48B5-82E7-13057E9DD5F2}"
EndProject
Project("{9A19103F-16F7-4668-BE54-9A1E7A4F7556}") = "train", "train\train.csproj", "{DD622035-2BC3-418D-92AF-9D4957EC81FC}"
EndProject
Project("{9A19103F-16F7-4668-BE54-9A1E7A4F7556}") = "03. Characters in Range", "02.Vowels Count\03. Characters in Range.csproj", "{A381C811-D10D-4BDD-9EC0-2AFD6A01EC29}"
EndProject
Project("{9A19103F-16F7-4668-BE54-9A1E7A4F7556}") = "04.Password Validator", "04.Password Validator\04.Password Validator.csproj", "{80DACB25-D99C-4179-8902-1B16969C85CB}"
EndProject
Project("{9A19103F-16F7-4668-BE54-9A1E7A4F7556}") = "05. Add and Substract", "05. Add and Substract\05. Add and Substract.csproj", "{82F416B9-0C56-4AE5-A9EA-FA55209A1F31}"
EndProject
Project("{9A19103F-16F7-4668-BE54-9A1E7A4F7556}") = "06.Middle Characters", "06.Middle Characters\06.Middle Characters.csproj", "{6E25147E-52B5-4D34-BB6A-734EF73214BF}"
EndProject
Project("{9A19103F-16F7-4668-BE54-9A1E7A4F7556}") = "0.7NxN Matrix", "0.7NxN Matrix\0.7NxN Matrix.csproj", "{FB057942-A1CC-4585-9281-DFEF7C4ECA39}"
EndProject
Global
	GlobalSection(SolutionConfigurationPlatforms) = preSolution
		Debug|Any CPU = Debug|Any CPU
		Release|Any CPU = Release|Any CPU
	EndGlobalSection
	GlobalSection(ProjectConfigurationPlatforms) = postSolution
		{7B250DBE-05F1-48B5-82E7-13057E9DD5F2}.Debug|Any CPU.ActiveCfg = Debug|Any CPU
		{7B250DBE-05F1-48B5-82E7-13057E9DD5F2}.Debug|Any CPU.Build.0 = Debug|Any CPU
		{7B250DBE-05F1-48B5-82E7-13057E9DD5F2}.Release|Any CPU.ActiveCfg = Release|Any CPU
		{7B250DBE-05F1-48B5-82E7-13057E9DD5F2}.Release|Any CPU.Build.0 = Release|Any CPU
		{DD622035-2BC3-418D-92AF-9D4957EC81FC}.Debug|Any CPU.ActiveCfg = Debug|Any CPU
		{DD622035-2BC3-418D-92AF-9D4957EC81FC}.Debug|Any CPU.Build.0 = Debug|Any CPU
		{DD622035-2BC3-418D-92AF-9D4957EC81FC}.Release|Any CPU.ActiveCfg = Release|Any CPU
		{DD622035-2BC3-418D-92AF-9D4957EC81FC}.Release|Any CPU.Build.0 = Release|Any CPU
		{A381C811-D10D-4BDD-9EC0-2AFD6A01EC29}.Debug|Any CPU.ActiveCfg = Debug|Any CPU
		{A381C811-D10D-4BDD-9EC0-2AFD6A01EC29}.Debug|Any CPU.Build.0 = Debug|Any CPU
		{A381C811-D10D-4BDD-9EC0-2AFD6A01EC29}.Release|Any CPU.ActiveCfg = Release|Any CPU
		{A381C811-D10D-4BDD-9EC0-2AFD6A01EC29}.Release|Any CPU.Build.0 = Release|Any CPU
		{80DACB25-D99C-4179-8902-1B16969C85CB}.Debug|Any CPU.ActiveCfg = Debug|Any CPU
		{80DACB25-D99C-4179-8902-1B16969C85CB}.Debug|Any CPU.Build.0 = Debug|Any CPU
		{80DACB25-D99C-4179-8902-1B16969C85CB}.Release|Any CPU.ActiveCfg = Release|Any CPU
		{80DACB25-D99C-4179-8902-1B16969C85CB}.Release|Any CPU.Build.0 = Release|Any CPU
		{82F416B9-0C56-4AE5-A9EA-FA55209A1F31}.Debug|Any CPU.ActiveCfg = Debug|Any CPU
		{82F416B9-0C56-4AE5-A9EA-FA55209A1F31}.Debug|Any CPU.Build.0 = Debug|Any CPU
		{82F416B9-0C56-4AE5-A9EA-FA55209A1F31}.Release|Any CPU.ActiveCfg = Release|Any CPU
		{82F416B9-0C56-4AE5-A9EA-FA55209A1F31}.Release|Any CPU.Build.0 = Release|Any CPU
		{6E25147E-52B5-4D34-BB6A-734EF73214BF}.Debug|Any CPU.ActiveCfg = Debug|Any CPU
		{6E25147E-52B5-4D34-BB6A-734EF73214BF}.Debug|Any CPU.Build.0 = Debug|Any CPU
		{6E25147E-52B5-4D34-BB6A-734EF73214BF}.Release|Any CPU.ActiveCfg = Release|Any CPU
		{6E25147E-52B5-4D34-BB6A-734EF73214BF}.Release|Any CPU.Build.0 = Release|Any CPU
		{FB057942-A1CC-4585-9281-DFEF7C4ECA39}.Debug|Any CPU.ActiveCfg = Debug|Any CPU
		{FB057942-A1CC-4585-9281-DFEF7C4ECA39}.Debug|Any CPU.Build.0 = Debug|Any CPU
		{FB057942-A1CC-4585-9281-DFEF7C4ECA39}.Release|Any CPU.ActiveCfg = Release|Any CPU
		{FB057942-A1CC-4585-9281-DFEF7C4ECA39}.Release|Any CPU.Build.0 = Release|Any CPU
	EndGlobalSection
	GlobalSection(SolutionProperties) = preSolution
		HideSolutionNode = FALSE
	EndGlobalSection
	GlobalSection(ExtensibilityGlobals) = postSolution
		SolutionGuid = {B24097C5-E84C-43BA-A048-CDF256000D84}
	EndGlobalSection
EndGlobal
