
Microsoft Visual Studio Solution File, Format Version 12.00
# Visual Studio Version 16
VisualStudioVersion = 16.0.29326.143
MinimumVisualStudioVersion = 10.0.40219.1
Project("{9A19103F-16F7-4668-BE54-9A1E7A4F7556}") = "arrays", "1. Train\arrays.csproj", "{93A38FDC-9D6B-4DCA-8B3B-248240AE8E62}"
EndProject
Project("{9A19103F-16F7-4668-BE54-9A1E7A4F7556}") = "01.Train", "01.Train\01.Train.csproj", "{775D4C4B-A0B8-4BA2-B287-052B6DD7C974}"
EndProject
Project("{9A19103F-16F7-4668-BE54-9A1E7A4F7556}") = "02.CommonElements", "02.CommonElements\02.CommonElements.csproj", "{A8B6E1F1-9A67-48B0-A9F8-1652CFBCA1B7}"
EndProject
Project("{9A19103F-16F7-4668-BE54-9A1E7A4F7556}") = "03.Zig-Zag Arrays", "03.Zig-Zag Arrays\03.Zig-Zag Arrays.csproj", "{623C5695-92DC-40DE-9FD2-023698D76493}"
EndProject
Project("{9A19103F-16F7-4668-BE54-9A1E7A4F7556}") = "01.Day of Week", "05.ArrayRotation\01.Day of Week.csproj", "{1C2D9AC7-6468-42C6-B7F0-F9797B0A04EE}"
EndProject
Project("{9A19103F-16F7-4668-BE54-9A1E7A4F7556}") = "02.PrintNumberInReverse", "02.PrintNumberInReverse\02.PrintNumberInReverse.csproj", "{7DDAB30C-78A1-4DFC-B46C-F8F1A0BEC2B5}"
EndProject
Project("{9A19103F-16F7-4668-BE54-9A1E7A4F7556}") = "04. Array Rotation", "04. Array Rotation\04. Array Rotation.csproj", "{46415F9B-E736-48F2-ADA7-BA13936F0928}"
EndProject
Project("{9A19103F-16F7-4668-BE54-9A1E7A4F7556}") = "05.TopIntegers", "05.TopIntegers\05.TopIntegers.csproj", "{5D9A3F83-1DAD-442E-BBC7-7608610DE936}"
EndProject
Project("{FAE04EC0-301F-11D3-BF4B-00C04F79EFBC}") = "06. Equal Sum", "06. Equal Sum\06. Equal Sum.csproj", "{0A5986A8-4640-4472-B621-60F530324B5B}"
EndProject
Global
	GlobalSection(SolutionConfigurationPlatforms) = preSolution
		Debug|Any CPU = Debug|Any CPU
		Release|Any CPU = Release|Any CPU
	EndGlobalSection
	GlobalSection(ProjectConfigurationPlatforms) = postSolution
		{93A38FDC-9D6B-4DCA-8B3B-248240AE8E62}.Debug|Any CPU.ActiveCfg = Debug|Any CPU
		{93A38FDC-9D6B-4DCA-8B3B-248240AE8E62}.Debug|Any CPU.Build.0 = Debug|Any CPU
		{93A38FDC-9D6B-4DCA-8B3B-248240AE8E62}.Release|Any CPU.ActiveCfg = Release|Any CPU
		{93A38FDC-9D6B-4DCA-8B3B-248240AE8E62}.Release|Any CPU.Build.0 = Release|Any CPU
		{775D4C4B-A0B8-4BA2-B287-052B6DD7C974}.Debug|Any CPU.ActiveCfg = Debug|Any CPU
		{775D4C4B-A0B8-4BA2-B287-052B6DD7C974}.Debug|Any CPU.Build.0 = Debug|Any CPU
		{775D4C4B-A0B8-4BA2-B287-052B6DD7C974}.Release|Any CPU.ActiveCfg = Release|Any CPU
		{775D4C4B-A0B8-4BA2-B287-052B6DD7C974}.Release|Any CPU.Build.0 = Release|Any CPU
		{A8B6E1F1-9A67-48B0-A9F8-1652CFBCA1B7}.Debug|Any CPU.ActiveCfg = Debug|Any CPU
		{A8B6E1F1-9A67-48B0-A9F8-1652CFBCA1B7}.Debug|Any CPU.Build.0 = Debug|Any CPU
		{A8B6E1F1-9A67-48B0-A9F8-1652CFBCA1B7}.Release|Any CPU.ActiveCfg = Release|Any CPU
		{A8B6E1F1-9A67-48B0-A9F8-1652CFBCA1B7}.Release|Any CPU.Build.0 = Release|Any CPU
		{623C5695-92DC-40DE-9FD2-023698D76493}.Debug|Any CPU.ActiveCfg = Debug|Any CPU
		{623C5695-92DC-40DE-9FD2-023698D76493}.Debug|Any CPU.Build.0 = Debug|Any CPU
		{623C5695-92DC-40DE-9FD2-023698D76493}.Release|Any CPU.ActiveCfg = Release|Any CPU
		{623C5695-92DC-40DE-9FD2-023698D76493}.Release|Any CPU.Build.0 = Release|Any CPU
		{1C2D9AC7-6468-42C6-B7F0-F9797B0A04EE}.Debug|Any CPU.ActiveCfg = Debug|Any CPU
		{1C2D9AC7-6468-42C6-B7F0-F9797B0A04EE}.Debug|Any CPU.Build.0 = Debug|Any CPU
		{1C2D9AC7-6468-42C6-B7F0-F9797B0A04EE}.Release|Any CPU.ActiveCfg = Release|Any CPU
		{1C2D9AC7-6468-42C6-B7F0-F9797B0A04EE}.Release|Any CPU.Build.0 = Release|Any CPU
		{7DDAB30C-78A1-4DFC-B46C-F8F1A0BEC2B5}.Debug|Any CPU.ActiveCfg = Debug|Any CPU
		{7DDAB30C-78A1-4DFC-B46C-F8F1A0BEC2B5}.Debug|Any CPU.Build.0 = Debug|Any CPU
		{7DDAB30C-78A1-4DFC-B46C-F8F1A0BEC2B5}.Release|Any CPU.ActiveCfg = Release|Any CPU
		{7DDAB30C-78A1-4DFC-B46C-F8F1A0BEC2B5}.Release|Any CPU.Build.0 = Release|Any CPU
		{46415F9B-E736-48F2-ADA7-BA13936F0928}.Debug|Any CPU.ActiveCfg = Debug|Any CPU
		{46415F9B-E736-48F2-ADA7-BA13936F0928}.Debug|Any CPU.Build.0 = Debug|Any CPU
		{46415F9B-E736-48F2-ADA7-BA13936F0928}.Release|Any CPU.ActiveCfg = Release|Any CPU
		{46415F9B-E736-48F2-ADA7-BA13936F0928}.Release|Any CPU.Build.0 = Release|Any CPU
		{5D9A3F83-1DAD-442E-BBC7-7608610DE936}.Debug|Any CPU.ActiveCfg = Debug|Any CPU
		{5D9A3F83-1DAD-442E-BBC7-7608610DE936}.Debug|Any CPU.Build.0 = Debug|Any CPU
		{5D9A3F83-1DAD-442E-BBC7-7608610DE936}.Release|Any CPU.ActiveCfg = Release|Any CPU
		{5D9A3F83-1DAD-442E-BBC7-7608610DE936}.Release|Any CPU.Build.0 = Release|Any CPU
		{0A5986A8-4640-4472-B621-60F530324B5B}.Debug|Any CPU.ActiveCfg = Debug|Any CPU
		{0A5986A8-4640-4472-B621-60F530324B5B}.Debug|Any CPU.Build.0 = Debug|Any CPU
		{0A5986A8-4640-4472-B621-60F530324B5B}.Release|Any CPU.ActiveCfg = Release|Any CPU
		{0A5986A8-4640-4472-B621-60F530324B5B}.Release|Any CPU.Build.0 = Release|Any CPU
	EndGlobalSection
	GlobalSection(SolutionProperties) = preSolution
		HideSolutionNode = FALSE
	EndGlobalSection
	GlobalSection(ExtensibilityGlobals) = postSolution
		SolutionGuid = {BBB3F762-017E-4848-9A02-7B3020F518BE}
	EndGlobalSection
EndGlobal
