
Microsoft Visual Studio Solution File, Format Version 12.00
# Visual Studio Version 16
VisualStudioVersion = 16.0.29409.12
MinimumVisualStudioVersion = 10.0.40219.1
Project("{9A19103F-16F7-4668-BE54-9A1E7A4F7556}") = "ObjectAndClasses", "ObjectAndClasses\ObjectAndClasses.csproj", "{E4C84635-AE39-4E5A-BA75-D26414A0794B}"
EndProject
Project("{9A19103F-16F7-4668-BE54-9A1E7A4F7556}") = "01. Advertisement Message", "01. Advertisement Message\01. Advertisement Message.csproj", "{B12E4E19-02D5-41CF-AA49-64D4E6F85B44}"
EndProject
Project("{9A19103F-16F7-4668-BE54-9A1E7A4F7556}") = "02.Articles", "02.Articles\02.Articles.csproj", "{FDF5E009-EEB1-4E0B-BB7F-A594A55729BF}"
EndProject
Project("{9A19103F-16F7-4668-BE54-9A1E7A4F7556}") = "ShuffleString", "03.Article2.0\ShuffleString.csproj", "{614AC79C-F9D6-4226-BBF7-906445057181}"
EndProject
Project("{9A19103F-16F7-4668-BE54-9A1E7A4F7556}") = "Factorial", "Factorial\Factorial.csproj", "{7BBBD319-63EC-4292-9320-729EB8960A1C}"
EndProject
Project("{9A19103F-16F7-4668-BE54-9A1E7A4F7556}") = "Problem Santa's List", "Problem Santa's List\Problem Santa's List.csproj", "{97A83BD0-A2DE-4817-BD7B-387768750A65}"
EndProject
Project("{9A19103F-16F7-4668-BE54-9A1E7A4F7556}") = "Battle ManagerFinalExam", "Battle Manager\Battle ManagerFinalExam.csproj", "{B51CEC8F-5CB0-44B2-8A46-371B8EF28BB8}"
EndProject
Project("{9A19103F-16F7-4668-BE54-9A1E7A4F7556}") = "Train", "Train\Train.csproj", "{222530A1-2A97-4A64-98A7-DE96920C1016}"
EndProject
Project("{9A19103F-16F7-4668-BE54-9A1E7A4F7556}") = "03.Article2.00", "03.Article2.00\03.Article2.00.csproj", "{E615AB20-9669-475A-A4D0-D2C6437F6848}"
EndProject
Project("{9A19103F-16F7-4668-BE54-9A1E7A4F7556}") = "Lab.02.RandomizeWords", "Lab.02.RandomizeWords\Lab.02.RandomizeWords.csproj", "{85DB01DF-0CA5-49D0-A04D-F98B866B6A7A}"
EndProject
Project("{FAE04EC0-301F-11D3-BF4B-00C04F79EFBC}") = "Lab.04.Song", "Lab.04.Song\Lab.04.Song.csproj", "{0F616FBE-1D1B-4A07-9417-C172B7C15F03}"
EndProject
Project("{FAE04EC0-301F-11D3-BF4B-00C04F79EFBC}") = "Lab.05.Studetns", "Lab.05.Studetns\Lab.05.Studetns.csproj", "{CBFFC315-B1DA-4DCA-8950-2ACD3BB6B8AD}"
EndProject
Global
	GlobalSection(SolutionConfigurationPlatforms) = preSolution
		Debug|Any CPU = Debug|Any CPU
		Release|Any CPU = Release|Any CPU
	EndGlobalSection
	GlobalSection(ProjectConfigurationPlatforms) = postSolution
		{E4C84635-AE39-4E5A-BA75-D26414A0794B}.Debug|Any CPU.ActiveCfg = Debug|Any CPU
		{E4C84635-AE39-4E5A-BA75-D26414A0794B}.Debug|Any CPU.Build.0 = Debug|Any CPU
		{E4C84635-AE39-4E5A-BA75-D26414A0794B}.Release|Any CPU.ActiveCfg = Release|Any CPU
		{E4C84635-AE39-4E5A-BA75-D26414A0794B}.Release|Any CPU.Build.0 = Release|Any CPU
		{B12E4E19-02D5-41CF-AA49-64D4E6F85B44}.Debug|Any CPU.ActiveCfg = Debug|Any CPU
		{B12E4E19-02D5-41CF-AA49-64D4E6F85B44}.Debug|Any CPU.Build.0 = Debug|Any CPU
		{B12E4E19-02D5-41CF-AA49-64D4E6F85B44}.Release|Any CPU.ActiveCfg = Release|Any CPU
		{B12E4E19-02D5-41CF-AA49-64D4E6F85B44}.Release|Any CPU.Build.0 = Release|Any CPU
		{FDF5E009-EEB1-4E0B-BB7F-A594A55729BF}.Debug|Any CPU.ActiveCfg = Debug|Any CPU
		{FDF5E009-EEB1-4E0B-BB7F-A594A55729BF}.Debug|Any CPU.Build.0 = Debug|Any CPU
		{FDF5E009-EEB1-4E0B-BB7F-A594A55729BF}.Release|Any CPU.ActiveCfg = Release|Any CPU
		{FDF5E009-EEB1-4E0B-BB7F-A594A55729BF}.Release|Any CPU.Build.0 = Release|Any CPU
		{614AC79C-F9D6-4226-BBF7-906445057181}.Debug|Any CPU.ActiveCfg = Debug|Any CPU
		{614AC79C-F9D6-4226-BBF7-906445057181}.Debug|Any CPU.Build.0 = Debug|Any CPU
		{614AC79C-F9D6-4226-BBF7-906445057181}.Release|Any CPU.ActiveCfg = Release|Any CPU
		{614AC79C-F9D6-4226-BBF7-906445057181}.Release|Any CPU.Build.0 = Release|Any CPU
		{7BBBD319-63EC-4292-9320-729EB8960A1C}.Debug|Any CPU.ActiveCfg = Debug|Any CPU
		{7BBBD319-63EC-4292-9320-729EB8960A1C}.Debug|Any CPU.Build.0 = Debug|Any CPU
		{7BBBD319-63EC-4292-9320-729EB8960A1C}.Release|Any CPU.ActiveCfg = Release|Any CPU
		{7BBBD319-63EC-4292-9320-729EB8960A1C}.Release|Any CPU.Build.0 = Release|Any CPU
		{97A83BD0-A2DE-4817-BD7B-387768750A65}.Debug|Any CPU.ActiveCfg = Debug|Any CPU
		{97A83BD0-A2DE-4817-BD7B-387768750A65}.Debug|Any CPU.Build.0 = Debug|Any CPU
		{97A83BD0-A2DE-4817-BD7B-387768750A65}.Release|Any CPU.ActiveCfg = Release|Any CPU
		{97A83BD0-A2DE-4817-BD7B-387768750A65}.Release|Any CPU.Build.0 = Release|Any CPU
		{B51CEC8F-5CB0-44B2-8A46-371B8EF28BB8}.Debug|Any CPU.ActiveCfg = Debug|Any CPU
		{B51CEC8F-5CB0-44B2-8A46-371B8EF28BB8}.Debug|Any CPU.Build.0 = Debug|Any CPU
		{B51CEC8F-5CB0-44B2-8A46-371B8EF28BB8}.Release|Any CPU.ActiveCfg = Release|Any CPU
		{B51CEC8F-5CB0-44B2-8A46-371B8EF28BB8}.Release|Any CPU.Build.0 = Release|Any CPU
		{222530A1-2A97-4A64-98A7-DE96920C1016}.Debug|Any CPU.ActiveCfg = Debug|Any CPU
		{222530A1-2A97-4A64-98A7-DE96920C1016}.Debug|Any CPU.Build.0 = Debug|Any CPU
		{222530A1-2A97-4A64-98A7-DE96920C1016}.Release|Any CPU.ActiveCfg = Release|Any CPU
		{222530A1-2A97-4A64-98A7-DE96920C1016}.Release|Any CPU.Build.0 = Release|Any CPU
		{E615AB20-9669-475A-A4D0-D2C6437F6848}.Debug|Any CPU.ActiveCfg = Debug|Any CPU
		{E615AB20-9669-475A-A4D0-D2C6437F6848}.Debug|Any CPU.Build.0 = Debug|Any CPU
		{E615AB20-9669-475A-A4D0-D2C6437F6848}.Release|Any CPU.ActiveCfg = Release|Any CPU
		{E615AB20-9669-475A-A4D0-D2C6437F6848}.Release|Any CPU.Build.0 = Release|Any CPU
		{85DB01DF-0CA5-49D0-A04D-F98B866B6A7A}.Debug|Any CPU.ActiveCfg = Debug|Any CPU
		{85DB01DF-0CA5-49D0-A04D-F98B866B6A7A}.Debug|Any CPU.Build.0 = Debug|Any CPU
		{85DB01DF-0CA5-49D0-A04D-F98B866B6A7A}.Release|Any CPU.ActiveCfg = Release|Any CPU
		{85DB01DF-0CA5-49D0-A04D-F98B866B6A7A}.Release|Any CPU.Build.0 = Release|Any CPU
		{0F616FBE-1D1B-4A07-9417-C172B7C15F03}.Debug|Any CPU.ActiveCfg = Debug|Any CPU
		{0F616FBE-1D1B-4A07-9417-C172B7C15F03}.Debug|Any CPU.Build.0 = Debug|Any CPU
		{0F616FBE-1D1B-4A07-9417-C172B7C15F03}.Release|Any CPU.ActiveCfg = Release|Any CPU
		{0F616FBE-1D1B-4A07-9417-C172B7C15F03}.Release|Any CPU.Build.0 = Release|Any CPU
		{CBFFC315-B1DA-4DCA-8950-2ACD3BB6B8AD}.Debug|Any CPU.ActiveCfg = Debug|Any CPU
		{CBFFC315-B1DA-4DCA-8950-2ACD3BB6B8AD}.Debug|Any CPU.Build.0 = Debug|Any CPU
		{CBFFC315-B1DA-4DCA-8950-2ACD3BB6B8AD}.Release|Any CPU.ActiveCfg = Release|Any CPU
		{CBFFC315-B1DA-4DCA-8950-2ACD3BB6B8AD}.Release|Any CPU.Build.0 = Release|Any CPU
	EndGlobalSection
	GlobalSection(SolutionProperties) = preSolution
		HideSolutionNode = FALSE
	EndGlobalSection
	GlobalSection(ExtensibilityGlobals) = postSolution
		SolutionGuid = {CB30A50A-61F1-416C-8D18-65A2A10C1335}
	EndGlobalSection
EndGlobal
