
Microsoft Visual Studio Solution File, Format Version 12.00
# Visual Studio Version 16
VisualStudioVersion = 16.0.30204.135
MinimumVisualStudioVersion = 10.0.40219.1
Project("{FAE04EC0-301F-11D3-BF4B-00C04F79EFBC}") = "SoftUni", "SoftUni\SoftUni.csproj", "{F73E81E3-23EE-4459-A599-2B2750973D29}"
EndProject
Global
	GlobalSection(SolutionConfigurationPlatforms) = preSolution
		Debug|Any CPU = Debug|Any CPU
		Release|Any CPU = Release|Any CPU
	EndGlobalSection
	GlobalSection(ProjectConfigurationPlatforms) = postSolution
		{F73E81E3-23EE-4459-A599-2B2750973D29}.Debug|Any CPU.ActiveCfg = Debug|Any CPU
		{F73E81E3-23EE-4459-A599-2B2750973D29}.Debug|Any CPU.Build.0 = Debug|Any CPU
		{F73E81E3-23EE-4459-A599-2B2750973D29}.Release|Any CPU.ActiveCfg = Release|Any CPU
		{F73E81E3-23EE-4459-A599-2B2750973D29}.Release|Any CPU.Build.0 = Release|Any CPU
	EndGlobalSection
	GlobalSection(SolutionProperties) = preSolution
		HideSolutionNode = FALSE
	EndGlobalSection
	GlobalSection(ExtensibilityGlobals) = postSolution
		SolutionGuid = {198A4B0A-6A0D-48D4-A2E2-C884B72EB2CF}
	EndGlobalSection
EndGlobal
