
Microsoft Visual Studio Solution File, Format Version 12.00
# Visual Studio 15
VisualStudioVersion = 15.0.28307.645
MinimumVisualStudioVersion = 10.0.40219.1
Project("{FAE04EC0-301F-11D3-BF4B-00C04F79EFBC}") = "04.MaxNumber", "ConsoleApp1\04.MaxNumber.csproj", "{1E18CB73-B531-462D-A34F-0FF448B2BA3A}"
EndProject
Project("{FAE04EC0-301F-11D3-BF4B-00C04F79EFBC}") = "06. Graduation", "ConsoleApp2\06. Graduation.csproj", "{3F72BE65-1855-4EF6-B71D-76091FCC1042}"
EndProject
Project("{FAE04EC0-301F-11D3-BF4B-00C04F79EFBC}") = "08. Moving", "ConsoleApp3\08. Moving.csproj", "{A0B2472C-2C3E-4989-BC24-21ACAE26FEB6}"
EndProject
Project("{FAE04EC0-301F-11D3-BF4B-00C04F79EFBC}") = "ExamTests", "ConsoleApp4\ExamTests.csproj", "{898AD7AF-3CBB-4A7C-8DC1-AD56C41C2D89}"
EndProject
Project("{FAE04EC0-301F-11D3-BF4B-00C04F79EFBC}") = "01. Old Books", "01. Old Books\01. Old Books.csproj", "{F065C38A-46E4-4989-8FB3-0FDC706649CD}"
EndProject
Global
	GlobalSection(SolutionConfigurationPlatforms) = preSolution
		Debug|Any CPU = Debug|Any CPU
		Release|Any CPU = Release|Any CPU
	EndGlobalSection
	GlobalSection(ProjectConfigurationPlatforms) = postSolution
		{1E18CB73-B531-462D-A34F-0FF448B2BA3A}.Debug|Any CPU.ActiveCfg = Debug|Any CPU
		{1E18CB73-B531-462D-A34F-0FF448B2BA3A}.Debug|Any CPU.Build.0 = Debug|Any CPU
		{1E18CB73-B531-462D-A34F-0FF448B2BA3A}.Release|Any CPU.ActiveCfg = Release|Any CPU
		{1E18CB73-B531-462D-A34F-0FF448B2BA3A}.Release|Any CPU.Build.0 = Release|Any CPU
		{3F72BE65-1855-4EF6-B71D-76091FCC1042}.Debug|Any CPU.ActiveCfg = Debug|Any CPU
		{3F72BE65-1855-4EF6-B71D-76091FCC1042}.Debug|Any CPU.Build.0 = Debug|Any CPU
		{3F72BE65-1855-4EF6-B71D-76091FCC1042}.Release|Any CPU.ActiveCfg = Release|Any CPU
		{3F72BE65-1855-4EF6-B71D-76091FCC1042}.Release|Any CPU.Build.0 = Release|Any CPU
		{A0B2472C-2C3E-4989-BC24-21ACAE26FEB6}.Debug|Any CPU.ActiveCfg = Debug|Any CPU
		{A0B2472C-2C3E-4989-BC24-21ACAE26FEB6}.Debug|Any CPU.Build.0 = Debug|Any CPU
		{A0B2472C-2C3E-4989-BC24-21ACAE26FEB6}.Release|Any CPU.ActiveCfg = Release|Any CPU
		{A0B2472C-2C3E-4989-BC24-21ACAE26FEB6}.Release|Any CPU.Build.0 = Release|Any CPU
		{898AD7AF-3CBB-4A7C-8DC1-AD56C41C2D89}.Debug|Any CPU.ActiveCfg = Debug|Any CPU
		{898AD7AF-3CBB-4A7C-8DC1-AD56C41C2D89}.Debug|Any CPU.Build.0 = Debug|Any CPU
		{898AD7AF-3CBB-4A7C-8DC1-AD56C41C2D89}.Release|Any CPU.ActiveCfg = Release|Any CPU
		{898AD7AF-3CBB-4A7C-8DC1-AD56C41C2D89}.Release|Any CPU.Build.0 = Release|Any CPU
		{F065C38A-46E4-4989-8FB3-0FDC706649CD}.Debug|Any CPU.ActiveCfg = Debug|Any CPU
		{F065C38A-46E4-4989-8FB3-0FDC706649CD}.Debug|Any CPU.Build.0 = Debug|Any CPU
		{F065C38A-46E4-4989-8FB3-0FDC706649CD}.Release|Any CPU.ActiveCfg = Release|Any CPU
		{F065C38A-46E4-4989-8FB3-0FDC706649CD}.Release|Any CPU.Build.0 = Release|Any CPU
	EndGlobalSection
	GlobalSection(SolutionProperties) = preSolution
		HideSolutionNode = FALSE
	EndGlobalSection
	GlobalSection(ExtensibilityGlobals) = postSolution
		SolutionGuid = {E19C350B-B141-4BCD-AD59-CE58645CBF75}
	EndGlobalSection
EndGlobal
