
Microsoft Visual Studio Solution File, Format Version 12.00
# Visual Studio Version 16
VisualStudioVersion = 16.0.29409.12
MinimumVisualStudioVersion = 10.0.40219.1
Project("{9A19103F-16F7-4668-BE54-9A1E7A4F7556}") = "01.DefineaClassPerson", "12.DefiningClasses-Exsercises\01.DefineaClassPerson.csproj", "{D7D69ADE-4759-4F87-B64D-CCCF13BD7337}"
EndProject
Project("{9A19103F-16F7-4668-BE54-9A1E7A4F7556}") = "02.CreatingConstructors", "02.CreatingConstructors\02.CreatingConstructors.csproj", "{FA4B484B-4D89-4878-B0D0-68F6868243AB}"
EndProject
Project("{9A19103F-16F7-4668-BE54-9A1E7A4F7556}") = "03.OldestFamilyMember", "03.OldestFamilyMember\03.OldestFamilyMember.csproj", "{18B8A4D2-2CE3-4ADB-BB7D-51C45B6267B6}"
EndProject
Project("{9A19103F-16F7-4668-BE54-9A1E7A4F7556}") = "04.OpinionPoll", "04.OpinionPoll\04.OpinionPoll.csproj", "{89969406-083C-43DE-8535-7C7FCE1A277C}"
EndProject
Project("{9A19103F-16F7-4668-BE54-9A1E7A4F7556}") = "05.DateModefier", "05.DateModefier\05.DateModefier.csproj", "{858D585C-18CF-4FDA-B0D9-39FE0B385302}"
EndProject
Project("{9A19103F-16F7-4668-BE54-9A1E7A4F7556}") = "06.SpeedRacing", "06.SpeedRacing\06.SpeedRacing.csproj", "{0C439381-FF0B-44E1-97DD-FA402C1CD9DE}"
EndProject
Project("{9A19103F-16F7-4668-BE54-9A1E7A4F7556}") = "07.RawData", "07.RawData\07.RawData.csproj", "{F3AA00CB-E643-4B13-8B8E-E32A59378448}"
EndProject
Project("{9A19103F-16F7-4668-BE54-9A1E7A4F7556}") = "08.CarSalesman", "08.CarSalesman\08.CarSalesman.csproj", "{A7B43CB3-599A-4D49-A9DE-08F985041C3F}"
EndProject
Project("{FAE04EC0-301F-11D3-BF4B-00C04F79EFBC}") = "09.PokemonTrainer", "09.PokemonTrainer\09.PokemonTrainer.csproj", "{6B0A9326-7B8D-4EC9-BFE5-1EB83984F206}"
EndProject
Global
	GlobalSection(SolutionConfigurationPlatforms) = preSolution
		Debug|Any CPU = Debug|Any CPU
		Release|Any CPU = Release|Any CPU
	EndGlobalSection
	GlobalSection(ProjectConfigurationPlatforms) = postSolution
		{D7D69ADE-4759-4F87-B64D-CCCF13BD7337}.Debug|Any CPU.ActiveCfg = Debug|Any CPU
		{D7D69ADE-4759-4F87-B64D-CCCF13BD7337}.Debug|Any CPU.Build.0 = Debug|Any CPU
		{D7D69ADE-4759-4F87-B64D-CCCF13BD7337}.Release|Any CPU.ActiveCfg = Release|Any CPU
		{D7D69ADE-4759-4F87-B64D-CCCF13BD7337}.Release|Any CPU.Build.0 = Release|Any CPU
		{FA4B484B-4D89-4878-B0D0-68F6868243AB}.Debug|Any CPU.ActiveCfg = Debug|Any CPU
		{FA4B484B-4D89-4878-B0D0-68F6868243AB}.Debug|Any CPU.Build.0 = Debug|Any CPU
		{FA4B484B-4D89-4878-B0D0-68F6868243AB}.Release|Any CPU.ActiveCfg = Release|Any CPU
		{FA4B484B-4D89-4878-B0D0-68F6868243AB}.Release|Any CPU.Build.0 = Release|Any CPU
		{18B8A4D2-2CE3-4ADB-BB7D-51C45B6267B6}.Debug|Any CPU.ActiveCfg = Debug|Any CPU
		{18B8A4D2-2CE3-4ADB-BB7D-51C45B6267B6}.Debug|Any CPU.Build.0 = Debug|Any CPU
		{18B8A4D2-2CE3-4ADB-BB7D-51C45B6267B6}.Release|Any CPU.ActiveCfg = Release|Any CPU
		{18B8A4D2-2CE3-4ADB-BB7D-51C45B6267B6}.Release|Any CPU.Build.0 = Release|Any CPU
		{89969406-083C-43DE-8535-7C7FCE1A277C}.Debug|Any CPU.ActiveCfg = Debug|Any CPU
		{89969406-083C-43DE-8535-7C7FCE1A277C}.Debug|Any CPU.Build.0 = Debug|Any CPU
		{89969406-083C-43DE-8535-7C7FCE1A277C}.Release|Any CPU.ActiveCfg = Release|Any CPU
		{89969406-083C-43DE-8535-7C7FCE1A277C}.Release|Any CPU.Build.0 = Release|Any CPU
		{858D585C-18CF-4FDA-B0D9-39FE0B385302}.Debug|Any CPU.ActiveCfg = Debug|Any CPU
		{858D585C-18CF-4FDA-B0D9-39FE0B385302}.Debug|Any CPU.Build.0 = Debug|Any CPU
		{858D585C-18CF-4FDA-B0D9-39FE0B385302}.Release|Any CPU.ActiveCfg = Release|Any CPU
		{858D585C-18CF-4FDA-B0D9-39FE0B385302}.Release|Any CPU.Build.0 = Release|Any CPU
		{0C439381-FF0B-44E1-97DD-FA402C1CD9DE}.Debug|Any CPU.ActiveCfg = Debug|Any CPU
		{0C439381-FF0B-44E1-97DD-FA402C1CD9DE}.Debug|Any CPU.Build.0 = Debug|Any CPU
		{0C439381-FF0B-44E1-97DD-FA402C1CD9DE}.Release|Any CPU.ActiveCfg = Release|Any CPU
		{0C439381-FF0B-44E1-97DD-FA402C1CD9DE}.Release|Any CPU.Build.0 = Release|Any CPU
		{F3AA00CB-E643-4B13-8B8E-E32A59378448}.Debug|Any CPU.ActiveCfg = Debug|Any CPU
		{F3AA00CB-E643-4B13-8B8E-E32A59378448}.Debug|Any CPU.Build.0 = Debug|Any CPU
		{F3AA00CB-E643-4B13-8B8E-E32A59378448}.Release|Any CPU.ActiveCfg = Release|Any CPU
		{F3AA00CB-E643-4B13-8B8E-E32A59378448}.Release|Any CPU.Build.0 = Release|Any CPU
		{A7B43CB3-599A-4D49-A9DE-08F985041C3F}.Debug|Any CPU.ActiveCfg = Debug|Any CPU
		{A7B43CB3-599A-4D49-A9DE-08F985041C3F}.Debug|Any CPU.Build.0 = Debug|Any CPU
		{A7B43CB3-599A-4D49-A9DE-08F985041C3F}.Release|Any CPU.ActiveCfg = Release|Any CPU
		{A7B43CB3-599A-4D49-A9DE-08F985041C3F}.Release|Any CPU.Build.0 = Release|Any CPU
		{6B0A9326-7B8D-4EC9-BFE5-1EB83984F206}.Debug|Any CPU.ActiveCfg = Debug|Any CPU
		{6B0A9326-7B8D-4EC9-BFE5-1EB83984F206}.Debug|Any CPU.Build.0 = Debug|Any CPU
		{6B0A9326-7B8D-4EC9-BFE5-1EB83984F206}.Release|Any CPU.ActiveCfg = Release|Any CPU
		{6B0A9326-7B8D-4EC9-BFE5-1EB83984F206}.Release|Any CPU.Build.0 = Release|Any CPU
	EndGlobalSection
	GlobalSection(SolutionProperties) = preSolution
		HideSolutionNode = FALSE
	EndGlobalSection
	GlobalSection(ExtensibilityGlobals) = postSolution
		SolutionGuid = {3A50DCB0-D63A-4DAB-95F6-D310C953C8F1}
	EndGlobalSection
EndGlobal
