
Microsoft Visual Studio Solution File, Format Version 12.00
# Visual Studio 15
VisualStudioVersion = 15.0.28307.852
MinimumVisualStudioVersion = 10.0.40219.1
Project("{FAE04EC0-301F-11D3-BF4B-00C04F79EFBC}") = "0.2 Division", "Exsercise - 18. 09\0.2 Division.csproj", "{D3345E6F-2B47-46B7-8DC0-D8BC3BB88833}"
EndProject
Project("{FAE04EC0-301F-11D3-BF4B-00C04F79EFBC}") = "03. Vacation", "03. Vacation\03. Vacation.csproj", "{DF500B40-FF0E-4AEE-B7B2-B80F315B6D34}"
EndProject
Project("{FAE04EC0-301F-11D3-BF4B-00C04F79EFBC}") = "04.Print and Sum", "04.Print and Sum\04.Print and Sum.csproj", "{5F49BF61-17F8-4224-9F7D-5B3C8CCD395C}"
EndProject
Project("{FAE04EC0-301F-11D3-BF4B-00C04F79EFBC}") = "05. Login", "05. Login\05. Login.csproj", "{DC436673-A982-410E-9535-528C32A474AB}"
EndProject
Project("{FAE04EC0-301F-11D3-BF4B-00C04F79EFBC}") = "06. Strong Number", "06. Strong Number\06. Strong Number.csproj", "{BA69DF23-83C8-447E-9954-DCF0ED30CF6E}"
EndProject
Project("{FAE04EC0-301F-11D3-BF4B-00C04F79EFBC}") = "07. Vending Machine", "07. Vending Machine\07. Vending Machine.csproj", "{6D2E9408-92AE-4B0F-9215-197BC05D6BD0}"
EndProject
Project("{FAE04EC0-301F-11D3-BF4B-00C04F79EFBC}") = "08. Triangle of Numbers", "08. Triangle of Numbers\08. Triangle of Numbers.csproj", "{385A1C83-116D-4FA9-BEB7-E0F4163213E3}"
EndProject
Project("{FAE04EC0-301F-11D3-BF4B-00C04F79EFBC}") = "09 . Padawan Equipment", "09 . Padawan Equipment\09 . Padawan Equipment.csproj", "{C9C1145A-254D-47A5-8CC1-592429176F39}"
EndProject
Project("{FAE04EC0-301F-11D3-BF4B-00C04F79EFBC}") = "10. Rage Expenses", "10. Rage Expenses\10. Rage Expenses.csproj", "{108DF96A-085D-4406-8C8C-09B9593A0B5D}"
EndProject
Global
	GlobalSection(SolutionConfigurationPlatforms) = preSolution
		Debug|Any CPU = Debug|Any CPU
		Release|Any CPU = Release|Any CPU
	EndGlobalSection
	GlobalSection(ProjectConfigurationPlatforms) = postSolution
		{D3345E6F-2B47-46B7-8DC0-D8BC3BB88833}.Debug|Any CPU.ActiveCfg = Debug|Any CPU
		{D3345E6F-2B47-46B7-8DC0-D8BC3BB88833}.Debug|Any CPU.Build.0 = Debug|Any CPU
		{D3345E6F-2B47-46B7-8DC0-D8BC3BB88833}.Release|Any CPU.ActiveCfg = Release|Any CPU
		{D3345E6F-2B47-46B7-8DC0-D8BC3BB88833}.Release|Any CPU.Build.0 = Release|Any CPU
		{DF500B40-FF0E-4AEE-B7B2-B80F315B6D34}.Debug|Any CPU.ActiveCfg = Debug|Any CPU
		{DF500B40-FF0E-4AEE-B7B2-B80F315B6D34}.Debug|Any CPU.Build.0 = Debug|Any CPU
		{DF500B40-FF0E-4AEE-B7B2-B80F315B6D34}.Release|Any CPU.ActiveCfg = Release|Any CPU
		{DF500B40-FF0E-4AEE-B7B2-B80F315B6D34}.Release|Any CPU.Build.0 = Release|Any CPU
		{5F49BF61-17F8-4224-9F7D-5B3C8CCD395C}.Debug|Any CPU.ActiveCfg = Debug|Any CPU
		{5F49BF61-17F8-4224-9F7D-5B3C8CCD395C}.Debug|Any CPU.Build.0 = Debug|Any CPU
		{5F49BF61-17F8-4224-9F7D-5B3C8CCD395C}.Release|Any CPU.ActiveCfg = Release|Any CPU
		{5F49BF61-17F8-4224-9F7D-5B3C8CCD395C}.Release|Any CPU.Build.0 = Release|Any CPU
		{DC436673-A982-410E-9535-528C32A474AB}.Debug|Any CPU.ActiveCfg = Debug|Any CPU
		{DC436673-A982-410E-9535-528C32A474AB}.Debug|Any CPU.Build.0 = Debug|Any CPU
		{DC436673-A982-410E-9535-528C32A474AB}.Release|Any CPU.ActiveCfg = Release|Any CPU
		{DC436673-A982-410E-9535-528C32A474AB}.Release|Any CPU.Build.0 = Release|Any CPU
		{BA69DF23-83C8-447E-9954-DCF0ED30CF6E}.Debug|Any CPU.ActiveCfg = Debug|Any CPU
		{BA69DF23-83C8-447E-9954-DCF0ED30CF6E}.Debug|Any CPU.Build.0 = Debug|Any CPU
		{BA69DF23-83C8-447E-9954-DCF0ED30CF6E}.Release|Any CPU.ActiveCfg = Release|Any CPU
		{BA69DF23-83C8-447E-9954-DCF0ED30CF6E}.Release|Any CPU.Build.0 = Release|Any CPU
		{6D2E9408-92AE-4B0F-9215-197BC05D6BD0}.Debug|Any CPU.ActiveCfg = Debug|Any CPU
		{6D2E9408-92AE-4B0F-9215-197BC05D6BD0}.Debug|Any CPU.Build.0 = Debug|Any CPU
		{6D2E9408-92AE-4B0F-9215-197BC05D6BD0}.Release|Any CPU.ActiveCfg = Release|Any CPU
		{6D2E9408-92AE-4B0F-9215-197BC05D6BD0}.Release|Any CPU.Build.0 = Release|Any CPU
		{385A1C83-116D-4FA9-BEB7-E0F4163213E3}.Debug|Any CPU.ActiveCfg = Debug|Any CPU
		{385A1C83-116D-4FA9-BEB7-E0F4163213E3}.Debug|Any CPU.Build.0 = Debug|Any CPU
		{385A1C83-116D-4FA9-BEB7-E0F4163213E3}.Release|Any CPU.ActiveCfg = Release|Any CPU
		{385A1C83-116D-4FA9-BEB7-E0F4163213E3}.Release|Any CPU.Build.0 = Release|Any CPU
		{C9C1145A-254D-47A5-8CC1-592429176F39}.Debug|Any CPU.ActiveCfg = Debug|Any CPU
		{C9C1145A-254D-47A5-8CC1-592429176F39}.Debug|Any CPU.Build.0 = Debug|Any CPU
		{C9C1145A-254D-47A5-8CC1-592429176F39}.Release|Any CPU.ActiveCfg = Release|Any CPU
		{C9C1145A-254D-47A5-8CC1-592429176F39}.Release|Any CPU.Build.0 = Release|Any CPU
		{108DF96A-085D-4406-8C8C-09B9593A0B5D}.Debug|Any CPU.ActiveCfg = Debug|Any CPU
		{108DF96A-085D-4406-8C8C-09B9593A0B5D}.Debug|Any CPU.Build.0 = Debug|Any CPU
		{108DF96A-085D-4406-8C8C-09B9593A0B5D}.Release|Any CPU.ActiveCfg = Release|Any CPU
		{108DF96A-085D-4406-8C8C-09B9593A0B5D}.Release|Any CPU.Build.0 = Release|Any CPU
	EndGlobalSection
	GlobalSection(SolutionProperties) = preSolution
		HideSolutionNode = FALSE
	EndGlobalSection
	GlobalSection(ExtensibilityGlobals) = postSolution
		SolutionGuid = {FBBF28C0-51F6-4C18-ADBD-B9DF7B471A1C}
	EndGlobalSection
EndGlobal
