
Microsoft Visual Studio Solution File, Format Version 12.00
# Visual Studio 15
VisualStudioVersion = 15.0.28307.779
MinimumVisualStudioVersion = 10.0.40219.1
Project("{FAE04EC0-301F-11D3-BF4B-00C04F79EFBC}") = "Basic", "Basic\Basic.csproj", "{BC613AEC-F4C5-4C50-AB1B-B05F36C0DEB2}"
EndProject
Project("{FAE04EC0-301F-11D3-BF4B-00C04F79EFBC}") = "Radian to Degrees", "Radian to Degrees\Radian to Degrees.csproj", "{81E11924-43A8-4452-9CED-CD95F80E3636}"
EndProject
Project("{FAE04EC0-301F-11D3-BF4B-00C04F79EFBC}") = "area of rectangle", "area of rectangle\area of rectangle.csproj", "{C50A459E-155F-4DEE-89F5-DFF415240321}"
EndProject
Project("{FAE04EC0-301F-11D3-BF4B-00C04F79EFBC}") = "Tailoring Workshop", "Tailoring Workshop\Tailoring Workshop.csproj", "{8E0818A0-59F0-4895-BE1E-8A29C3FF2736}"
EndProject
Project("{FAE04EC0-301F-11D3-BF4B-00C04F79EFBC}") = "Dance Room", "Dance Room\Dance Room.csproj", "{FC155791-439D-4FEE-B81A-23251CF22DD3}"
EndProject
Project("{FAE04EC0-301F-11D3-BF4B-00C04F79EFBC}") = "Charity Company", "Charity Company\Charity Company.csproj", "{DFE991D5-5671-419B-A3AD-FA7F6227DB96}"
EndProject
Project("{FAE04EC0-301F-11D3-BF4B-00C04F79EFBC}") = "Alchoholic Borc", "Alchoholic Borc\Alchoholic Borc.csproj", "{AA6954A4-D8BA-4909-B9E2-CE4BB7FBD75D}"
EndProject
Global
	GlobalSection(SolutionConfigurationPlatforms) = preSolution
		Debug|Any CPU = Debug|Any CPU
		Release|Any CPU = Release|Any CPU
	EndGlobalSection
	GlobalSection(ProjectConfigurationPlatforms) = postSolution
		{BC613AEC-F4C5-4C50-AB1B-B05F36C0DEB2}.Debug|Any CPU.ActiveCfg = Debug|Any CPU
		{BC613AEC-F4C5-4C50-AB1B-B05F36C0DEB2}.Debug|Any CPU.Build.0 = Debug|Any CPU
		{BC613AEC-F4C5-4C50-AB1B-B05F36C0DEB2}.Release|Any CPU.ActiveCfg = Release|Any CPU
		{BC613AEC-F4C5-4C50-AB1B-B05F36C0DEB2}.Release|Any CPU.Build.0 = Release|Any CPU
		{81E11924-43A8-4452-9CED-CD95F80E3636}.Debug|Any CPU.ActiveCfg = Debug|Any CPU
		{81E11924-43A8-4452-9CED-CD95F80E3636}.Debug|Any CPU.Build.0 = Debug|Any CPU
		{81E11924-43A8-4452-9CED-CD95F80E3636}.Release|Any CPU.ActiveCfg = Release|Any CPU
		{81E11924-43A8-4452-9CED-CD95F80E3636}.Release|Any CPU.Build.0 = Release|Any CPU
		{C50A459E-155F-4DEE-89F5-DFF415240321}.Debug|Any CPU.ActiveCfg = Debug|Any CPU
		{C50A459E-155F-4DEE-89F5-DFF415240321}.Debug|Any CPU.Build.0 = Debug|Any CPU
		{C50A459E-155F-4DEE-89F5-DFF415240321}.Release|Any CPU.ActiveCfg = Release|Any CPU
		{C50A459E-155F-4DEE-89F5-DFF415240321}.Release|Any CPU.Build.0 = Release|Any CPU
		{8E0818A0-59F0-4895-BE1E-8A29C3FF2736}.Debug|Any CPU.ActiveCfg = Debug|Any CPU
		{8E0818A0-59F0-4895-BE1E-8A29C3FF2736}.Debug|Any CPU.Build.0 = Debug|Any CPU
		{8E0818A0-59F0-4895-BE1E-8A29C3FF2736}.Release|Any CPU.ActiveCfg = Release|Any CPU
		{8E0818A0-59F0-4895-BE1E-8A29C3FF2736}.Release|Any CPU.Build.0 = Release|Any CPU
		{FC155791-439D-4FEE-B81A-23251CF22DD3}.Debug|Any CPU.ActiveCfg = Debug|Any CPU
		{FC155791-439D-4FEE-B81A-23251CF22DD3}.Debug|Any CPU.Build.0 = Debug|Any CPU
		{FC155791-439D-4FEE-B81A-23251CF22DD3}.Release|Any CPU.ActiveCfg = Release|Any CPU
		{FC155791-439D-4FEE-B81A-23251CF22DD3}.Release|Any CPU.Build.0 = Release|Any CPU
		{DFE991D5-5671-419B-A3AD-FA7F6227DB96}.Debug|Any CPU.ActiveCfg = Debug|Any CPU
		{DFE991D5-5671-419B-A3AD-FA7F6227DB96}.Debug|Any CPU.Build.0 = Debug|Any CPU
		{DFE991D5-5671-419B-A3AD-FA7F6227DB96}.Release|Any CPU.ActiveCfg = Release|Any CPU
		{DFE991D5-5671-419B-A3AD-FA7F6227DB96}.Release|Any CPU.Build.0 = Release|Any CPU
		{AA6954A4-D8BA-4909-B9E2-CE4BB7FBD75D}.Debug|Any CPU.ActiveCfg = Debug|Any CPU
		{AA6954A4-D8BA-4909-B9E2-CE4BB7FBD75D}.Debug|Any CPU.Build.0 = Debug|Any CPU
		{AA6954A4-D8BA-4909-B9E2-CE4BB7FBD75D}.Release|Any CPU.ActiveCfg = Release|Any CPU
		{AA6954A4-D8BA-4909-B9E2-CE4BB7FBD75D}.Release|Any CPU.Build.0 = Release|Any CPU
	EndGlobalSection
	GlobalSection(SolutionProperties) = preSolution
		HideSolutionNode = FALSE
	EndGlobalSection
	GlobalSection(ExtensibilityGlobals) = postSolution
		SolutionGuid = {38A0D949-79BA-426B-AACD-DC10C8A0FBF8}
	EndGlobalSection
EndGlobal
