
Microsoft Visual Studio Solution File, Format Version 12.00
# Visual Studio 15
VisualStudioVersion = 15.0.28307.645
MinimumVisualStudioVersion = 10.0.40219.1
Project("{FAE04EC0-301F-11D3-BF4B-00C04F79EFBC}") = "Упражнения -29.05", "Упражнения -29.05\Упражнения -29.05.csproj", "{D029BBC1-8258-44C3-BCAF-06AFE2808C03}"
EndProject
Global
	GlobalSection(SolutionConfigurationPlatforms) = preSolution
		Debug|Any CPU = Debug|Any CPU
		Release|Any CPU = Release|Any CPU
	EndGlobalSection
	GlobalSection(ProjectConfigurationPlatforms) = postSolution
		{D029BBC1-8258-44C3-BCAF-06AFE2808C03}.Debug|Any CPU.ActiveCfg = Debug|Any CPU
		{D029BBC1-8258-44C3-BCAF-06AFE2808C03}.Debug|Any CPU.Build.0 = Debug|Any CPU
		{D029BBC1-8258-44C3-BCAF-06AFE2808C03}.Release|Any CPU.ActiveCfg = Release|Any CPU
		{D029BBC1-8258-44C3-BCAF-06AFE2808C03}.Release|Any CPU.Build.0 = Release|Any CPU
	EndGlobalSection
	GlobalSection(SolutionProperties) = preSolution
		HideSolutionNode = FALSE
	EndGlobalSection
	GlobalSection(ExtensibilityGlobals) = postSolution
		SolutionGuid = {247916A2-E16B-427B-B636-B522D980573A}
	EndGlobalSection
EndGlobal
