
Microsoft Visual Studio Solution File, Format Version 12.00
# Visual Studio Version 16
VisualStudioVersion = 16.0.30204.135
MinimumVisualStudioVersion = 10.0.40219.1
Project("{FAE04EC0-301F-11D3-BF4B-00C04F79EFBC}") = "P01_HospitalDatabase", "P01_HospitalDatabase\P01_HospitalDatabase.csproj", "{43E69F98-3735-4C90-ADD3-91F75762332E}"
EndProject
Project("{FAE04EC0-301F-11D3-BF4B-00C04F79EFBC}") = "P03_SalesDatabase", "P03_SalesDatabase\P03_SalesDatabase.csproj", "{3282F106-2F07-4B02-A83B-0931900401F6}"
EndProject
Global
	GlobalSection(SolutionConfigurationPlatforms) = preSolution
		Debug|Any CPU = Debug|Any CPU
		Release|Any CPU = Release|Any CPU
	EndGlobalSection
	GlobalSection(ProjectConfigurationPlatforms) = postSolution
		{43E69F98-3735-4C90-ADD3-91F75762332E}.Debug|Any CPU.ActiveCfg = Debug|Any CPU
		{43E69F98-3735-4C90-ADD3-91F75762332E}.Debug|Any CPU.Build.0 = Debug|Any CPU
		{43E69F98-3735-4C90-ADD3-91F75762332E}.Release|Any CPU.ActiveCfg = Release|Any CPU
		{43E69F98-3735-4C90-ADD3-91F75762332E}.Release|Any CPU.Build.0 = Release|Any CPU
		{3282F106-2F07-4B02-A83B-0931900401F6}.Debug|Any CPU.ActiveCfg = Debug|Any CPU
		{3282F106-2F07-4B02-A83B-0931900401F6}.Debug|Any CPU.Build.0 = Debug|Any CPU
		{3282F106-2F07-4B02-A83B-0931900401F6}.Release|Any CPU.ActiveCfg = Release|Any CPU
		{3282F106-2F07-4B02-A83B-0931900401F6}.Release|Any CPU.Build.0 = Release|Any CPU
	EndGlobalSection
	GlobalSection(SolutionProperties) = preSolution
		HideSolutionNode = FALSE
	EndGlobalSection
	GlobalSection(ExtensibilityGlobals) = postSolution
		SolutionGuid = {A3311BA8-8612-4C97-BF56-96EAEF8A4F87}
	EndGlobalSection
EndGlobal
