
Microsoft Visual Studio Solution File, Format Version 12.00
# Visual Studio 15
VisualStudioVersion = 15.0.28307.852
MinimumVisualStudioVersion = 10.0.40219.1
Project("{FAE04EC0-301F-11D3-BF4B-00C04F79EFBC}") = "05.Print part of the AsciTable", "0.3 Elevator\05.Print part of the AsciTable.csproj", "{A5C2403C-A0D9-4FD5-B7A5-878FA9C514EF}"
EndProject
Project("{FAE04EC0-301F-11D3-BF4B-00C04F79EFBC}") = "0.6 Triples of Latin Letters", "0.6 Triples of Latin Letters\0.6 Triples of Latin Letters.csproj", "{2CB63CB7-9F29-44C3-A1AB-F48B6EDCB4C7}"
EndProject
Project("{FAE04EC0-301F-11D3-BF4B-00C04F79EFBC}") = "07.Water Overflow", "07.Water Overflow\07.Water Overflow.csproj", "{15ED3C6E-EB38-465B-AA1E-F37C40C49BA3}"
EndProject
Project("{FAE04EC0-301F-11D3-BF4B-00C04F79EFBC}") = "08.Beer_Kegs", "08.Beer_Kegs\08.Beer_Kegs.csproj", "{7FD0378E-2C7E-482E-B50E-68BA0006A128}"
EndProject
Project("{FAE04EC0-301F-11D3-BF4B-00C04F79EFBC}") = "1", "1\1.csproj", "{FACB5B8A-F4F7-439B-97A9-6CA4C5FF957A}"
EndProject
Project("{FAE04EC0-301F-11D3-BF4B-00C04F79EFBC}") = "2", "2\2.csproj", "{8E7F51B6-9055-4B8B-92D1-B7015F93415A}"
EndProject
Project("{FAE04EC0-301F-11D3-BF4B-00C04F79EFBC}") = "3", "3\3.csproj", "{6DD71793-A3A1-404D-99F8-510C594077CD}"
EndProject
Project("{FAE04EC0-301F-11D3-BF4B-00C04F79EFBC}") = "4", "4\4.csproj", "{9A0A45C3-A967-4527-B83B-224337D2A055}"
EndProject
Project("{FAE04EC0-301F-11D3-BF4B-00C04F79EFBC}") = "0.9 SpiceMustFlow", "0.9 SpiceMustFlow\0.9 SpiceMustFlow.csproj", "{5569C917-5A87-4507-8FC1-22752952E7B3}"
EndProject
Project("{9A19103F-16F7-4668-BE54-9A1E7A4F7556}") = "train", "train\train.csproj", "{73B056DF-509E-45A1-AF6D-F9799ADFC305}"
EndProject
Project("{FAE04EC0-301F-11D3-BF4B-00C04F79EFBC}") = "10.Poke Mon Game", "10.Poke Mon Game\10.Poke Mon Game.csproj", "{3B109F9D-7E05-45B5-902E-BB0032675A98}"
EndProject
Project("{FAE04EC0-301F-11D3-BF4B-00C04F79EFBC}") = "11. Snowballs", "11. Snowballs\11. Snowballs.csproj", "{57D816EF-4A9F-4D0D-A4FA-ECFFC481D08E}"
EndProject
Global
	GlobalSection(SolutionConfigurationPlatforms) = preSolution
		Debug|Any CPU = Debug|Any CPU
		Release|Any CPU = Release|Any CPU
	EndGlobalSection
	GlobalSection(ProjectConfigurationPlatforms) = postSolution
		{A5C2403C-A0D9-4FD5-B7A5-878FA9C514EF}.Debug|Any CPU.ActiveCfg = Debug|Any CPU
		{A5C2403C-A0D9-4FD5-B7A5-878FA9C514EF}.Debug|Any CPU.Build.0 = Debug|Any CPU
		{A5C2403C-A0D9-4FD5-B7A5-878FA9C514EF}.Release|Any CPU.ActiveCfg = Release|Any CPU
		{A5C2403C-A0D9-4FD5-B7A5-878FA9C514EF}.Release|Any CPU.Build.0 = Release|Any CPU
		{2CB63CB7-9F29-44C3-A1AB-F48B6EDCB4C7}.Debug|Any CPU.ActiveCfg = Debug|Any CPU
		{2CB63CB7-9F29-44C3-A1AB-F48B6EDCB4C7}.Debug|Any CPU.Build.0 = Debug|Any CPU
		{2CB63CB7-9F29-44C3-A1AB-F48B6EDCB4C7}.Release|Any CPU.ActiveCfg = Release|Any CPU
		{2CB63CB7-9F29-44C3-A1AB-F48B6EDCB4C7}.Release|Any CPU.Build.0 = Release|Any CPU
		{15ED3C6E-EB38-465B-AA1E-F37C40C49BA3}.Debug|Any CPU.ActiveCfg = Debug|Any CPU
		{15ED3C6E-EB38-465B-AA1E-F37C40C49BA3}.Debug|Any CPU.Build.0 = Debug|Any CPU
		{15ED3C6E-EB38-465B-AA1E-F37C40C49BA3}.Release|Any CPU.ActiveCfg = Release|Any CPU
		{15ED3C6E-EB38-465B-AA1E-F37C40C49BA3}.Release|Any CPU.Build.0 = Release|Any CPU
		{7FD0378E-2C7E-482E-B50E-68BA0006A128}.Debug|Any CPU.ActiveCfg = Debug|Any CPU
		{7FD0378E-2C7E-482E-B50E-68BA0006A128}.Debug|Any CPU.Build.0 = Debug|Any CPU
		{7FD0378E-2C7E-482E-B50E-68BA0006A128}.Release|Any CPU.ActiveCfg = Release|Any CPU
		{7FD0378E-2C7E-482E-B50E-68BA0006A128}.Release|Any CPU.Build.0 = Release|Any CPU
		{FACB5B8A-F4F7-439B-97A9-6CA4C5FF957A}.Debug|Any CPU.ActiveCfg = Debug|Any CPU
		{FACB5B8A-F4F7-439B-97A9-6CA4C5FF957A}.Debug|Any CPU.Build.0 = Debug|Any CPU
		{FACB5B8A-F4F7-439B-97A9-6CA4C5FF957A}.Release|Any CPU.ActiveCfg = Release|Any CPU
		{FACB5B8A-F4F7-439B-97A9-6CA4C5FF957A}.Release|Any CPU.Build.0 = Release|Any CPU
		{8E7F51B6-9055-4B8B-92D1-B7015F93415A}.Debug|Any CPU.ActiveCfg = Debug|Any CPU
		{8E7F51B6-9055-4B8B-92D1-B7015F93415A}.Debug|Any CPU.Build.0 = Debug|Any CPU
		{8E7F51B6-9055-4B8B-92D1-B7015F93415A}.Release|Any CPU.ActiveCfg = Release|Any CPU
		{8E7F51B6-9055-4B8B-92D1-B7015F93415A}.Release|Any CPU.Build.0 = Release|Any CPU
		{6DD71793-A3A1-404D-99F8-510C594077CD}.Debug|Any CPU.ActiveCfg = Debug|Any CPU
		{6DD71793-A3A1-404D-99F8-510C594077CD}.Debug|Any CPU.Build.0 = Debug|Any CPU
		{6DD71793-A3A1-404D-99F8-510C594077CD}.Release|Any CPU.ActiveCfg = Release|Any CPU
		{6DD71793-A3A1-404D-99F8-510C594077CD}.Release|Any CPU.Build.0 = Release|Any CPU
		{9A0A45C3-A967-4527-B83B-224337D2A055}.Debug|Any CPU.ActiveCfg = Debug|Any CPU
		{9A0A45C3-A967-4527-B83B-224337D2A055}.Debug|Any CPU.Build.0 = Debug|Any CPU
		{9A0A45C3-A967-4527-B83B-224337D2A055}.Release|Any CPU.ActiveCfg = Release|Any CPU
		{9A0A45C3-A967-4527-B83B-224337D2A055}.Release|Any CPU.Build.0 = Release|Any CPU
		{5569C917-5A87-4507-8FC1-22752952E7B3}.Debug|Any CPU.ActiveCfg = Debug|Any CPU
		{5569C917-5A87-4507-8FC1-22752952E7B3}.Debug|Any CPU.Build.0 = Debug|Any CPU
		{5569C917-5A87-4507-8FC1-22752952E7B3}.Release|Any CPU.ActiveCfg = Release|Any CPU
		{5569C917-5A87-4507-8FC1-22752952E7B3}.Release|Any CPU.Build.0 = Release|Any CPU
		{73B056DF-509E-45A1-AF6D-F9799ADFC305}.Debug|Any CPU.ActiveCfg = Debug|Any CPU
		{73B056DF-509E-45A1-AF6D-F9799ADFC305}.Debug|Any CPU.Build.0 = Debug|Any CPU
		{73B056DF-509E-45A1-AF6D-F9799ADFC305}.Release|Any CPU.ActiveCfg = Release|Any CPU
		{73B056DF-509E-45A1-AF6D-F9799ADFC305}.Release|Any CPU.Build.0 = Release|Any CPU
		{3B109F9D-7E05-45B5-902E-BB0032675A98}.Debug|Any CPU.ActiveCfg = Debug|Any CPU
		{3B109F9D-7E05-45B5-902E-BB0032675A98}.Debug|Any CPU.Build.0 = Debug|Any CPU
		{3B109F9D-7E05-45B5-902E-BB0032675A98}.Release|Any CPU.ActiveCfg = Release|Any CPU
		{3B109F9D-7E05-45B5-902E-BB0032675A98}.Release|Any CPU.Build.0 = Release|Any CPU
		{57D816EF-4A9F-4D0D-A4FA-ECFFC481D08E}.Debug|Any CPU.ActiveCfg = Debug|Any CPU
		{57D816EF-4A9F-4D0D-A4FA-ECFFC481D08E}.Debug|Any CPU.Build.0 = Debug|Any CPU
		{57D816EF-4A9F-4D0D-A4FA-ECFFC481D08E}.Release|Any CPU.ActiveCfg = Release|Any CPU
		{57D816EF-4A9F-4D0D-A4FA-ECFFC481D08E}.Release|Any CPU.Build.0 = Release|Any CPU
	EndGlobalSection
	GlobalSection(SolutionProperties) = preSolution
		HideSolutionNode = FALSE
	EndGlobalSection
	GlobalSection(ExtensibilityGlobals) = postSolution
		SolutionGuid = {295D1DAB-CBCE-4D64-9296-418C99A3FDB3}
	EndGlobalSection
EndGlobal
