
Microsoft Visual Studio Solution File, Format Version 12.00
# Visual Studio 15
VisualStudioVersion = 15.0.28307.645
MinimumVisualStudioVersion = 10.0.40219.1
Project("{FAE04EC0-301F-11D3-BF4B-00C04F79EFBC}") = "19.05Exsercise", "19.05Exsercise\19.05Exsercise.csproj", "{5016CFE4-0B38-4E03-B51D-03C22753155D}"
EndProject
Project("{FAE04EC0-301F-11D3-BF4B-00C04F79EFBC}") = "01. Numbers Ending in 7", "01. Numbers Ending in 7\01. Numbers Ending in 7.csproj", "{C5E3A9FC-5A66-433F-8757-6C08A56D74B9}"
EndProject
Project("{FAE04EC0-301F-11D3-BF4B-00C04F79EFBC}") = "ForLoop", "ForLoop\ForLoop.csproj", "{19A8B080-BA30-4BA6-A2F5-AD00338DB5C4}"
EndProject
Project("{FAE04EC0-301F-11D3-BF4B-00C04F79EFBC}") = "ForLoop2", "ForLoop2\ForLoop2.csproj", "{F7E44863-66B1-436C-AB4B-6A6975A95DD4}"
EndProject
Project("{FAE04EC0-301F-11D3-BF4B-00C04F79EFBC}") = "02. Half Sum Element", "02. Half Sum Element\02. Half Sum Element.csproj", "{F5645735-25DE-4C62-8EA3-942CDB7924B2}"
EndProject
Project("{FAE04EC0-301F-11D3-BF4B-00C04F79EFBC}") = "05. Histogram", "05. Histogram\05. Histogram.csproj", "{2514CC54-935A-4980-80C5-71F22F912935}"
EndProject
Project("{FAE04EC0-301F-11D3-BF4B-00C04F79EFBC}") = "06. Divide without remainder", "06. Divide without remainder\06. Divide without remainder.csproj", "{13FEEEBC-1E5E-4969-A1E3-BCA504D34B24}"
EndProject
Project("{FAE04EC0-301F-11D3-BF4B-00C04F79EFBC}") = "07. Salary", "07. Salary\07. Salary.csproj", "{4815243D-89B4-459C-AEA9-9E678BFFE7D5}"
EndProject
Project("{FAE04EC0-301F-11D3-BF4B-00C04F79EFBC}") = "04.NumberSequence", "02. Latin Letters\04.NumberSequence.csproj", "{E74E31C7-EADF-4469-A346-85690F0D1DE2}"
EndProject
Project("{FAE04EC0-301F-11D3-BF4B-00C04F79EFBC}") = "05. Left and Right Sum", "05. Left and Right Sum\05. Left and Right Sum.csproj", "{087D59E5-0E5F-4769-BEBB-E0ACE9633253}"
EndProject
Project("{FAE04EC0-301F-11D3-BF4B-00C04F79EFBC}") = "07. Vowels Sum", "07. Vowels Sum\07. Vowels Sum.csproj", "{EC3F1282-57EC-4BC9-9E29-5572D7A5E2C7}"
EndProject
Project("{FAE04EC0-301F-11D3-BF4B-00C04F79EFBC}") = "04. Equal Pairs", "04. Equal Pairs\04. Equal Pairs.csproj", "{BE40714E-FD9A-46B2-8A47-0A9C3610398F}"
EndProject
Global
	GlobalSection(SolutionConfigurationPlatforms) = preSolution
		Debug|Any CPU = Debug|Any CPU
		Release|Any CPU = Release|Any CPU
	EndGlobalSection
	GlobalSection(ProjectConfigurationPlatforms) = postSolution
		{5016CFE4-0B38-4E03-B51D-03C22753155D}.Debug|Any CPU.ActiveCfg = Debug|Any CPU
		{5016CFE4-0B38-4E03-B51D-03C22753155D}.Debug|Any CPU.Build.0 = Debug|Any CPU
		{5016CFE4-0B38-4E03-B51D-03C22753155D}.Release|Any CPU.ActiveCfg = Release|Any CPU
		{5016CFE4-0B38-4E03-B51D-03C22753155D}.Release|Any CPU.Build.0 = Release|Any CPU
		{C5E3A9FC-5A66-433F-8757-6C08A56D74B9}.Debug|Any CPU.ActiveCfg = Debug|Any CPU
		{C5E3A9FC-5A66-433F-8757-6C08A56D74B9}.Debug|Any CPU.Build.0 = Debug|Any CPU
		{C5E3A9FC-5A66-433F-8757-6C08A56D74B9}.Release|Any CPU.ActiveCfg = Release|Any CPU
		{C5E3A9FC-5A66-433F-8757-6C08A56D74B9}.Release|Any CPU.Build.0 = Release|Any CPU
		{19A8B080-BA30-4BA6-A2F5-AD00338DB5C4}.Debug|Any CPU.ActiveCfg = Debug|Any CPU
		{19A8B080-BA30-4BA6-A2F5-AD00338DB5C4}.Debug|Any CPU.Build.0 = Debug|Any CPU
		{19A8B080-BA30-4BA6-A2F5-AD00338DB5C4}.Release|Any CPU.ActiveCfg = Release|Any CPU
		{19A8B080-BA30-4BA6-A2F5-AD00338DB5C4}.Release|Any CPU.Build.0 = Release|Any CPU
		{F7E44863-66B1-436C-AB4B-6A6975A95DD4}.Debug|Any CPU.ActiveCfg = Debug|Any CPU
		{F7E44863-66B1-436C-AB4B-6A6975A95DD4}.Debug|Any CPU.Build.0 = Debug|Any CPU
		{F7E44863-66B1-436C-AB4B-6A6975A95DD4}.Release|Any CPU.ActiveCfg = Release|Any CPU
		{F7E44863-66B1-436C-AB4B-6A6975A95DD4}.Release|Any CPU.Build.0 = Release|Any CPU
		{F5645735-25DE-4C62-8EA3-942CDB7924B2}.Debug|Any CPU.ActiveCfg = Debug|Any CPU
		{F5645735-25DE-4C62-8EA3-942CDB7924B2}.Debug|Any CPU.Build.0 = Debug|Any CPU
		{F5645735-25DE-4C62-8EA3-942CDB7924B2}.Release|Any CPU.ActiveCfg = Release|Any CPU
		{F5645735-25DE-4C62-8EA3-942CDB7924B2}.Release|Any CPU.Build.0 = Release|Any CPU
		{2514CC54-935A-4980-80C5-71F22F912935}.Debug|Any CPU.ActiveCfg = Debug|Any CPU
		{2514CC54-935A-4980-80C5-71F22F912935}.Debug|Any CPU.Build.0 = Debug|Any CPU
		{2514CC54-935A-4980-80C5-71F22F912935}.Release|Any CPU.ActiveCfg = Release|Any CPU
		{2514CC54-935A-4980-80C5-71F22F912935}.Release|Any CPU.Build.0 = Release|Any CPU
		{13FEEEBC-1E5E-4969-A1E3-BCA504D34B24}.Debug|Any CPU.ActiveCfg = Debug|Any CPU
		{13FEEEBC-1E5E-4969-A1E3-BCA504D34B24}.Debug|Any CPU.Build.0 = Debug|Any CPU
		{13FEEEBC-1E5E-4969-A1E3-BCA504D34B24}.Release|Any CPU.ActiveCfg = Release|Any CPU
		{13FEEEBC-1E5E-4969-A1E3-BCA504D34B24}.Release|Any CPU.Build.0 = Release|Any CPU
		{4815243D-89B4-459C-AEA9-9E678BFFE7D5}.Debug|Any CPU.ActiveCfg = Debug|Any CPU
		{4815243D-89B4-459C-AEA9-9E678BFFE7D5}.Debug|Any CPU.Build.0 = Debug|Any CPU
		{4815243D-89B4-459C-AEA9-9E678BFFE7D5}.Release|Any CPU.ActiveCfg = Release|Any CPU
		{4815243D-89B4-459C-AEA9-9E678BFFE7D5}.Release|Any CPU.Build.0 = Release|Any CPU
		{E74E31C7-EADF-4469-A346-85690F0D1DE2}.Debug|Any CPU.ActiveCfg = Debug|Any CPU
		{E74E31C7-EADF-4469-A346-85690F0D1DE2}.Debug|Any CPU.Build.0 = Debug|Any CPU
		{E74E31C7-EADF-4469-A346-85690F0D1DE2}.Release|Any CPU.ActiveCfg = Release|Any CPU
		{E74E31C7-EADF-4469-A346-85690F0D1DE2}.Release|Any CPU.Build.0 = Release|Any CPU
		{087D59E5-0E5F-4769-BEBB-E0ACE9633253}.Debug|Any CPU.ActiveCfg = Debug|Any CPU
		{087D59E5-0E5F-4769-BEBB-E0ACE9633253}.Debug|Any CPU.Build.0 = Debug|Any CPU
		{087D59E5-0E5F-4769-BEBB-E0ACE9633253}.Release|Any CPU.ActiveCfg = Release|Any CPU
		{087D59E5-0E5F-4769-BEBB-E0ACE9633253}.Release|Any CPU.Build.0 = Release|Any CPU
		{EC3F1282-57EC-4BC9-9E29-5572D7A5E2C7}.Debug|Any CPU.ActiveCfg = Debug|Any CPU
		{EC3F1282-57EC-4BC9-9E29-5572D7A5E2C7}.Debug|Any CPU.Build.0 = Debug|Any CPU
		{EC3F1282-57EC-4BC9-9E29-5572D7A5E2C7}.Release|Any CPU.ActiveCfg = Release|Any CPU
		{EC3F1282-57EC-4BC9-9E29-5572D7A5E2C7}.Release|Any CPU.Build.0 = Release|Any CPU
		{BE40714E-FD9A-46B2-8A47-0A9C3610398F}.Debug|Any CPU.ActiveCfg = Debug|Any CPU
		{BE40714E-FD9A-46B2-8A47-0A9C3610398F}.Debug|Any CPU.Build.0 = Debug|Any CPU
		{BE40714E-FD9A-46B2-8A47-0A9C3610398F}.Release|Any CPU.ActiveCfg = Release|Any CPU
		{BE40714E-FD9A-46B2-8A47-0A9C3610398F}.Release|Any CPU.Build.0 = Release|Any CPU
	EndGlobalSection
	GlobalSection(SolutionProperties) = preSolution
		HideSolutionNode = FALSE
	EndGlobalSection
	GlobalSection(ExtensibilityGlobals) = postSolution
		SolutionGuid = {A527E034-7A55-4CC2-95E1-0D394634BA1C}
	EndGlobalSection
EndGlobal
