
Microsoft Visual Studio Solution File, Format Version 12.00
# Visual Studio Version 16
VisualStudioVersion = 16.0.29409.12
MinimumVisualStudioVersion = 10.0.40219.1
Project("{9A19103F-16F7-4668-BE54-9A1E7A4F7556}") = "TextProcessing And RegularExpressions", "TextProcessing And RegularExpressions\TextProcessing And RegularExpressions.csproj", "{60049C91-78CE-49AC-8E97-B62A23E9290E}"
EndProject
Project("{9A19103F-16F7-4668-BE54-9A1E7A4F7556}") = "02.Character Multiplier", "02.Character Multiplier\02.Character Multiplier.csproj", "{185903FE-C0BF-4E78-911E-14A7D924D962}"
EndProject
Project("{9A19103F-16F7-4668-BE54-9A1E7A4F7556}") = "01.ValidUsername", "..\01.ValidUsername\01.ValidUsername.csproj", "{ABC1C1B1-49A4-4A71-AE3A-3C82BE9FC402}"
EndProject
Project("{9A19103F-16F7-4668-BE54-9A1E7A4F7556}") = "03.Extract File", "03.Extract File\03.Extract File.csproj", "{0C6EB4B9-5BC2-4D72-A5CD-418640F24E01}"
EndProject
Project("{9A19103F-16F7-4668-BE54-9A1E7A4F7556}") = "04.Caesar Cipher", "04.Caesar Cipher\04.Caesar Cipher.csproj", "{0F5FEDD7-8D88-4B73-AEA1-B6B31034FAFA}"
EndProject
Project("{FAE04EC0-301F-11D3-BF4B-00C04F79EFBC}") = "05.MultiplyBigNumber", "05.MultiplyBigNumber\05.MultiplyBigNumber.csproj", "{23C2A92A-30DA-44FA-8E7E-38B49AA8E811}"
EndProject
Project("{FAE04EC0-301F-11D3-BF4B-00C04F79EFBC}") = "06.ReplaceRepeatingChar", "06.ReplaceRepeatingChar\06.ReplaceRepeatingChar.csproj", "{59BE6574-9A90-4F83-B649-9A32821C5805}"
EndProject
Project("{FAE04EC0-301F-11D3-BF4B-00C04F79EFBC}") = "12.SoftuniBarIncome", "12.SoftuniBarIncome\12.SoftuniBarIncome.csproj", "{120D1B6E-62E3-4AF7-B8D7-FAA09697D054}"
EndProject
Project("{FAE04EC0-301F-11D3-BF4B-00C04F79EFBC}") = "07.StringExplosion", "07.StringExplosion\07.StringExplosion.csproj", "{1E1B995B-2FFD-42FA-9AAF-CD109142EA7C}"
EndProject
Global
	GlobalSection(SolutionConfigurationPlatforms) = preSolution
		Debug|Any CPU = Debug|Any CPU
		Release|Any CPU = Release|Any CPU
	EndGlobalSection
	GlobalSection(ProjectConfigurationPlatforms) = postSolution
		{60049C91-78CE-49AC-8E97-B62A23E9290E}.Debug|Any CPU.ActiveCfg = Debug|Any CPU
		{60049C91-78CE-49AC-8E97-B62A23E9290E}.Debug|Any CPU.Build.0 = Debug|Any CPU
		{60049C91-78CE-49AC-8E97-B62A23E9290E}.Release|Any CPU.ActiveCfg = Release|Any CPU
		{60049C91-78CE-49AC-8E97-B62A23E9290E}.Release|Any CPU.Build.0 = Release|Any CPU
		{185903FE-C0BF-4E78-911E-14A7D924D962}.Debug|Any CPU.ActiveCfg = Debug|Any CPU
		{185903FE-C0BF-4E78-911E-14A7D924D962}.Debug|Any CPU.Build.0 = Debug|Any CPU
		{185903FE-C0BF-4E78-911E-14A7D924D962}.Release|Any CPU.ActiveCfg = Release|Any CPU
		{185903FE-C0BF-4E78-911E-14A7D924D962}.Release|Any CPU.Build.0 = Release|Any CPU
		{ABC1C1B1-49A4-4A71-AE3A-3C82BE9FC402}.Debug|Any CPU.ActiveCfg = Debug|Any CPU
		{ABC1C1B1-49A4-4A71-AE3A-3C82BE9FC402}.Debug|Any CPU.Build.0 = Debug|Any CPU
		{ABC1C1B1-49A4-4A71-AE3A-3C82BE9FC402}.Release|Any CPU.ActiveCfg = Release|Any CPU
		{ABC1C1B1-49A4-4A71-AE3A-3C82BE9FC402}.Release|Any CPU.Build.0 = Release|Any CPU
		{0C6EB4B9-5BC2-4D72-A5CD-418640F24E01}.Debug|Any CPU.ActiveCfg = Debug|Any CPU
		{0C6EB4B9-5BC2-4D72-A5CD-418640F24E01}.Debug|Any CPU.Build.0 = Debug|Any CPU
		{0C6EB4B9-5BC2-4D72-A5CD-418640F24E01}.Release|Any CPU.ActiveCfg = Release|Any CPU
		{0C6EB4B9-5BC2-4D72-A5CD-418640F24E01}.Release|Any CPU.Build.0 = Release|Any CPU
		{0F5FEDD7-8D88-4B73-AEA1-B6B31034FAFA}.Debug|Any CPU.ActiveCfg = Debug|Any CPU
		{0F5FEDD7-8D88-4B73-AEA1-B6B31034FAFA}.Debug|Any CPU.Build.0 = Debug|Any CPU
		{0F5FEDD7-8D88-4B73-AEA1-B6B31034FAFA}.Release|Any CPU.ActiveCfg = Release|Any CPU
		{0F5FEDD7-8D88-4B73-AEA1-B6B31034FAFA}.Release|Any CPU.Build.0 = Release|Any CPU
		{23C2A92A-30DA-44FA-8E7E-38B49AA8E811}.Debug|Any CPU.ActiveCfg = Debug|Any CPU
		{23C2A92A-30DA-44FA-8E7E-38B49AA8E811}.Debug|Any CPU.Build.0 = Debug|Any CPU
		{23C2A92A-30DA-44FA-8E7E-38B49AA8E811}.Release|Any CPU.ActiveCfg = Release|Any CPU
		{23C2A92A-30DA-44FA-8E7E-38B49AA8E811}.Release|Any CPU.Build.0 = Release|Any CPU
		{59BE6574-9A90-4F83-B649-9A32821C5805}.Debug|Any CPU.ActiveCfg = Debug|Any CPU
		{59BE6574-9A90-4F83-B649-9A32821C5805}.Debug|Any CPU.Build.0 = Debug|Any CPU
		{59BE6574-9A90-4F83-B649-9A32821C5805}.Release|Any CPU.ActiveCfg = Release|Any CPU
		{59BE6574-9A90-4F83-B649-9A32821C5805}.Release|Any CPU.Build.0 = Release|Any CPU
		{120D1B6E-62E3-4AF7-B8D7-FAA09697D054}.Debug|Any CPU.ActiveCfg = Debug|Any CPU
		{120D1B6E-62E3-4AF7-B8D7-FAA09697D054}.Debug|Any CPU.Build.0 = Debug|Any CPU
		{120D1B6E-62E3-4AF7-B8D7-FAA09697D054}.Release|Any CPU.ActiveCfg = Release|Any CPU
		{120D1B6E-62E3-4AF7-B8D7-FAA09697D054}.Release|Any CPU.Build.0 = Release|Any CPU
		{1E1B995B-2FFD-42FA-9AAF-CD109142EA7C}.Debug|Any CPU.ActiveCfg = Debug|Any CPU
		{1E1B995B-2FFD-42FA-9AAF-CD109142EA7C}.Debug|Any CPU.Build.0 = Debug|Any CPU
		{1E1B995B-2FFD-42FA-9AAF-CD109142EA7C}.Release|Any CPU.ActiveCfg = Release|Any CPU
		{1E1B995B-2FFD-42FA-9AAF-CD109142EA7C}.Release|Any CPU.Build.0 = Release|Any CPU
	EndGlobalSection
	GlobalSection(SolutionProperties) = preSolution
		HideSolutionNode = FALSE
	EndGlobalSection
	GlobalSection(ExtensibilityGlobals) = postSolution
		SolutionGuid = {745942CA-7FDC-4941-B197-92F7A9A0885E}
	EndGlobalSection
EndGlobal
