
Microsoft Visual Studio Solution File, Format Version 12.00
# Visual Studio Version 16
VisualStudioVersion = 16.0.29409.12
MinimumVisualStudioVersion = 10.0.40219.1
Project("{9A19103F-16F7-4668-BE54-9A1E7A4F7556}") = "DefiningClasses", "DifiningClasses\DefiningClasses.csproj", "{D744544A-BA1B-41E7-834F-5B1A34633B0F}"
EndProject
Project("{9A19103F-16F7-4668-BE54-9A1E7A4F7556}") = "01.Car", "01.Car\01.Car.csproj", "{CE65A2A1-EC38-4EE2-A5CC-FDFF7637061D}"
EndProject
Project("{9A19103F-16F7-4668-BE54-9A1E7A4F7556}") = "02.CarExtension", "02.CarExtension\02.CarExtension.csproj", "{3ECDE7E6-6AF7-4493-8257-E951C09F6079}"
EndProject
Project("{9A19103F-16F7-4668-BE54-9A1E7A4F7556}") = "03.CarConstructors", "03.CarConstructors\03.CarConstructors.csproj", "{F42A958F-9137-4D15-BF5F-A15B5F1CB648}"
EndProject
Project("{9A19103F-16F7-4668-BE54-9A1E7A4F7556}") = "04.CarEngineAndTires", "04.CarEngineAndTires\04.CarEngineAndTires.csproj", "{0F13AFC2-0309-43A1-9504-1356583BE209}"
EndProject
Project("{FAE04EC0-301F-11D3-BF4B-00C04F79EFBC}") = "05.SpecialCars", "05.SpecialCars\05.SpecialCars.csproj", "{C5A1CF0A-F285-4F6E-B952-3C417245EF5F}"
EndProject
Global
	GlobalSection(SolutionConfigurationPlatforms) = preSolution
		Debug|Any CPU = Debug|Any CPU
		Release|Any CPU = Release|Any CPU
	EndGlobalSection
	GlobalSection(ProjectConfigurationPlatforms) = postSolution
		{D744544A-BA1B-41E7-834F-5B1A34633B0F}.Debug|Any CPU.ActiveCfg = Debug|Any CPU
		{D744544A-BA1B-41E7-834F-5B1A34633B0F}.Debug|Any CPU.Build.0 = Debug|Any CPU
		{D744544A-BA1B-41E7-834F-5B1A34633B0F}.Release|Any CPU.ActiveCfg = Release|Any CPU
		{D744544A-BA1B-41E7-834F-5B1A34633B0F}.Release|Any CPU.Build.0 = Release|Any CPU
		{CE65A2A1-EC38-4EE2-A5CC-FDFF7637061D}.Debug|Any CPU.ActiveCfg = Debug|Any CPU
		{CE65A2A1-EC38-4EE2-A5CC-FDFF7637061D}.Debug|Any CPU.Build.0 = Debug|Any CPU
		{CE65A2A1-EC38-4EE2-A5CC-FDFF7637061D}.Release|Any CPU.ActiveCfg = Release|Any CPU
		{CE65A2A1-EC38-4EE2-A5CC-FDFF7637061D}.Release|Any CPU.Build.0 = Release|Any CPU
		{3ECDE7E6-6AF7-4493-8257-E951C09F6079}.Debug|Any CPU.ActiveCfg = Debug|Any CPU
		{3ECDE7E6-6AF7-4493-8257-E951C09F6079}.Debug|Any CPU.Build.0 = Debug|Any CPU
		{3ECDE7E6-6AF7-4493-8257-E951C09F6079}.Release|Any CPU.ActiveCfg = Release|Any CPU
		{3ECDE7E6-6AF7-4493-8257-E951C09F6079}.Release|Any CPU.Build.0 = Release|Any CPU
		{F42A958F-9137-4D15-BF5F-A15B5F1CB648}.Debug|Any CPU.ActiveCfg = Debug|Any CPU
		{F42A958F-9137-4D15-BF5F-A15B5F1CB648}.Debug|Any CPU.Build.0 = Debug|Any CPU
		{F42A958F-9137-4D15-BF5F-A15B5F1CB648}.Release|Any CPU.ActiveCfg = Release|Any CPU
		{F42A958F-9137-4D15-BF5F-A15B5F1CB648}.Release|Any CPU.Build.0 = Release|Any CPU
		{0F13AFC2-0309-43A1-9504-1356583BE209}.Debug|Any CPU.ActiveCfg = Debug|Any CPU
		{0F13AFC2-0309-43A1-9504-1356583BE209}.Debug|Any CPU.Build.0 = Debug|Any CPU
		{0F13AFC2-0309-43A1-9504-1356583BE209}.Release|Any CPU.ActiveCfg = Release|Any CPU
		{0F13AFC2-0309-43A1-9504-1356583BE209}.Release|Any CPU.Build.0 = Release|Any CPU
		{C5A1CF0A-F285-4F6E-B952-3C417245EF5F}.Debug|Any CPU.ActiveCfg = Debug|Any CPU
		{C5A1CF0A-F285-4F6E-B952-3C417245EF5F}.Debug|Any CPU.Build.0 = Debug|Any CPU
		{C5A1CF0A-F285-4F6E-B952-3C417245EF5F}.Release|Any CPU.ActiveCfg = Release|Any CPU
		{C5A1CF0A-F285-4F6E-B952-3C417245EF5F}.Release|Any CPU.Build.0 = Release|Any CPU
	EndGlobalSection
	GlobalSection(SolutionProperties) = preSolution
		HideSolutionNode = FALSE
	EndGlobalSection
	GlobalSection(ExtensibilityGlobals) = postSolution
		SolutionGuid = {4EFDB038-7955-4CB2-A28A-0737FED867AA}
	EndGlobalSection
EndGlobal
