
Microsoft Visual Studio Solution File, Format Version 12.00
# Visual Studio Version 16
VisualStudioVersion = 16.0.29409.12
MinimumVisualStudioVersion = 10.0.40219.1
Project("{9A19103F-16F7-4668-BE54-9A1E7A4F7556}") = "AssociativeArraysLab", "AssociativeArraysLab\AssociativeArraysLab.csproj", "{953649EB-10A9-4E95-9FAD-1F57620FA3D3}"
EndProject
Project("{9A19103F-16F7-4668-BE54-9A1E7A4F7556}") = "01.CountReaLNumber", "01.CountReaLNumber\01.CountReaLNumber.csproj", "{E4233EEF-FA23-4DEE-B982-315706680EF8}"
EndProject
Project("{9A19103F-16F7-4668-BE54-9A1E7A4F7556}") = "Exsercise", "Exsercise\Exsercise.csproj", "{5255AC73-B4FD-48C4-B91A-1583F9E8AAB3}"
EndProject
Project("{9A19103F-16F7-4668-BE54-9A1E7A4F7556}") = "01.Count Char in A string", "01.Count Char in A string\01.Count Char in A string.csproj", "{383A4633-420D-44B5-A7DE-21903E1FC5A0}"
EndProject
Project("{9A19103F-16F7-4668-BE54-9A1E7A4F7556}") = "02.AMiner Task", "02.AMiner Task\02.AMiner Task.csproj", "{FC2EA570-92EA-4DF0-A132-11171FD66016}"
EndProject
Project("{9A19103F-16F7-4668-BE54-9A1E7A4F7556}") = "03. Legendary Farming", "03. Legendary Farming\03. Legendary Farming.csproj", "{FADCF1BF-75F9-4BE3-8CA1-5C07882232AD}"
EndProject
Project("{9A19103F-16F7-4668-BE54-9A1E7A4F7556}") = "04. Orders", "04. Orders\04. Orders.csproj", "{F530B8F7-1030-404F-8745-34B468288471}"
EndProject
Project("{9A19103F-16F7-4668-BE54-9A1E7A4F7556}") = "05. SoftUni Parking", "05. SoftUni Parking\05. SoftUni Parking.csproj", "{B529A816-2066-461F-9FAD-CD51ADC12CE3}"
EndProject
Project("{9A19103F-16F7-4668-BE54-9A1E7A4F7556}") = "06.Courses", "06.Courses\06.Courses.csproj", "{F1A38981-285D-4326-806C-FB920DBD5248}"
EndProject
Project("{9A19103F-16F7-4668-BE54-9A1E7A4F7556}") = "07.StudentAcademy", "07.StudentAcademy\07.StudentAcademy.csproj", "{F96E89B9-CAC9-4F51-9E9B-BADA03FDFD82}"
EndProject
Project("{9A19103F-16F7-4668-BE54-9A1E7A4F7556}") = "08.Company Users", "08.Company Users\08.Company Users.csproj", "{21A3A4DF-2F29-45F0-AE75-B1BB412F133F}"
EndProject
Project("{9A19103F-16F7-4668-BE54-9A1E7A4F7556}") = "09.ForceBook", "09.ForceBook\09.ForceBook.csproj", "{C118EA8B-F7FC-4A0C-BE56-63C2C83839D8}"
EndProject
Project("{9A19103F-16F7-4668-BE54-9A1E7A4F7556}") = "10.SoftuniExamResults", "10.SoftuniExamResults\10.SoftuniExamResults.csproj", "{D2CE9048-069D-4EAE-A7CD-12109309975B}"
EndProject
Project("{FAE04EC0-301F-11D3-BF4B-00C04F79EFBC}") = "1.Ranking.MoreExsercise", "1.Ranking.MoreExsercise\1.Ranking.MoreExsercise.csproj", "{D5F7CFDC-C78B-4AED-BB78-FF5D3668829F}"
EndProject
Global
	GlobalSection(SolutionConfigurationPlatforms) = preSolution
		Debug|Any CPU = Debug|Any CPU
		Release|Any CPU = Release|Any CPU
	EndGlobalSection
	GlobalSection(ProjectConfigurationPlatforms) = postSolution
		{953649EB-10A9-4E95-9FAD-1F57620FA3D3}.Debug|Any CPU.ActiveCfg = Debug|Any CPU
		{953649EB-10A9-4E95-9FAD-1F57620FA3D3}.Debug|Any CPU.Build.0 = Debug|Any CPU
		{953649EB-10A9-4E95-9FAD-1F57620FA3D3}.Release|Any CPU.ActiveCfg = Release|Any CPU
		{953649EB-10A9-4E95-9FAD-1F57620FA3D3}.Release|Any CPU.Build.0 = Release|Any CPU
		{E4233EEF-FA23-4DEE-B982-315706680EF8}.Debug|Any CPU.ActiveCfg = Debug|Any CPU
		{E4233EEF-FA23-4DEE-B982-315706680EF8}.Debug|Any CPU.Build.0 = Debug|Any CPU
		{E4233EEF-FA23-4DEE-B982-315706680EF8}.Release|Any CPU.ActiveCfg = Release|Any CPU
		{E4233EEF-FA23-4DEE-B982-315706680EF8}.Release|Any CPU.Build.0 = Release|Any CPU
		{5255AC73-B4FD-48C4-B91A-1583F9E8AAB3}.Debug|Any CPU.ActiveCfg = Debug|Any CPU
		{5255AC73-B4FD-48C4-B91A-1583F9E8AAB3}.Debug|Any CPU.Build.0 = Debug|Any CPU
		{5255AC73-B4FD-48C4-B91A-1583F9E8AAB3}.Release|Any CPU.ActiveCfg = Release|Any CPU
		{5255AC73-B4FD-48C4-B91A-1583F9E8AAB3}.Release|Any CPU.Build.0 = Release|Any CPU
		{383A4633-420D-44B5-A7DE-21903E1FC5A0}.Debug|Any CPU.ActiveCfg = Debug|Any CPU
		{383A4633-420D-44B5-A7DE-21903E1FC5A0}.Debug|Any CPU.Build.0 = Debug|Any CPU
		{383A4633-420D-44B5-A7DE-21903E1FC5A0}.Release|Any CPU.ActiveCfg = Release|Any CPU
		{383A4633-420D-44B5-A7DE-21903E1FC5A0}.Release|Any CPU.Build.0 = Release|Any CPU
		{FC2EA570-92EA-4DF0-A132-11171FD66016}.Debug|Any CPU.ActiveCfg = Debug|Any CPU
		{FC2EA570-92EA-4DF0-A132-11171FD66016}.Debug|Any CPU.Build.0 = Debug|Any CPU
		{FC2EA570-92EA-4DF0-A132-11171FD66016}.Release|Any CPU.ActiveCfg = Release|Any CPU
		{FC2EA570-92EA-4DF0-A132-11171FD66016}.Release|Any CPU.Build.0 = Release|Any CPU
		{FADCF1BF-75F9-4BE3-8CA1-5C07882232AD}.Debug|Any CPU.ActiveCfg = Debug|Any CPU
		{FADCF1BF-75F9-4BE3-8CA1-5C07882232AD}.Debug|Any CPU.Build.0 = Debug|Any CPU
		{FADCF1BF-75F9-4BE3-8CA1-5C07882232AD}.Release|Any CPU.ActiveCfg = Release|Any CPU
		{FADCF1BF-75F9-4BE3-8CA1-5C07882232AD}.Release|Any CPU.Build.0 = Release|Any CPU
		{F530B8F7-1030-404F-8745-34B468288471}.Debug|Any CPU.ActiveCfg = Debug|Any CPU
		{F530B8F7-1030-404F-8745-34B468288471}.Debug|Any CPU.Build.0 = Debug|Any CPU
		{F530B8F7-1030-404F-8745-34B468288471}.Release|Any CPU.ActiveCfg = Release|Any CPU
		{F530B8F7-1030-404F-8745-34B468288471}.Release|Any CPU.Build.0 = Release|Any CPU
		{B529A816-2066-461F-9FAD-CD51ADC12CE3}.Debug|Any CPU.ActiveCfg = Debug|Any CPU
		{B529A816-2066-461F-9FAD-CD51ADC12CE3}.Debug|Any CPU.Build.0 = Debug|Any CPU
		{B529A816-2066-461F-9FAD-CD51ADC12CE3}.Release|Any CPU.ActiveCfg = Release|Any CPU
		{B529A816-2066-461F-9FAD-CD51ADC12CE3}.Release|Any CPU.Build.0 = Release|Any CPU
		{F1A38981-285D-4326-806C-FB920DBD5248}.Debug|Any CPU.ActiveCfg = Debug|Any CPU
		{F1A38981-285D-4326-806C-FB920DBD5248}.Debug|Any CPU.Build.0 = Debug|Any CPU
		{F1A38981-285D-4326-806C-FB920DBD5248}.Release|Any CPU.ActiveCfg = Release|Any CPU
		{F1A38981-285D-4326-806C-FB920DBD5248}.Release|Any CPU.Build.0 = Release|Any CPU
		{F96E89B9-CAC9-4F51-9E9B-BADA03FDFD82}.Debug|Any CPU.ActiveCfg = Debug|Any CPU
		{F96E89B9-CAC9-4F51-9E9B-BADA03FDFD82}.Debug|Any CPU.Build.0 = Debug|Any CPU
		{F96E89B9-CAC9-4F51-9E9B-BADA03FDFD82}.Release|Any CPU.ActiveCfg = Release|Any CPU
		{F96E89B9-CAC9-4F51-9E9B-BADA03FDFD82}.Release|Any CPU.Build.0 = Release|Any CPU
		{21A3A4DF-2F29-45F0-AE75-B1BB412F133F}.Debug|Any CPU.ActiveCfg = Debug|Any CPU
		{21A3A4DF-2F29-45F0-AE75-B1BB412F133F}.Debug|Any CPU.Build.0 = Debug|Any CPU
		{21A3A4DF-2F29-45F0-AE75-B1BB412F133F}.Release|Any CPU.ActiveCfg = Release|Any CPU
		{21A3A4DF-2F29-45F0-AE75-B1BB412F133F}.Release|Any CPU.Build.0 = Release|Any CPU
		{C118EA8B-F7FC-4A0C-BE56-63C2C83839D8}.Debug|Any CPU.ActiveCfg = Debug|Any CPU
		{C118EA8B-F7FC-4A0C-BE56-63C2C83839D8}.Debug|Any CPU.Build.0 = Debug|Any CPU
		{C118EA8B-F7FC-4A0C-BE56-63C2C83839D8}.Release|Any CPU.ActiveCfg = Release|Any CPU
		{C118EA8B-F7FC-4A0C-BE56-63C2C83839D8}.Release|Any CPU.Build.0 = Release|Any CPU
		{D2CE9048-069D-4EAE-A7CD-12109309975B}.Debug|Any CPU.ActiveCfg = Debug|Any CPU
		{D2CE9048-069D-4EAE-A7CD-12109309975B}.Debug|Any CPU.Build.0 = Debug|Any CPU
		{D2CE9048-069D-4EAE-A7CD-12109309975B}.Release|Any CPU.ActiveCfg = Release|Any CPU
		{D2CE9048-069D-4EAE-A7CD-12109309975B}.Release|Any CPU.Build.0 = Release|Any CPU
		{D5F7CFDC-C78B-4AED-BB78-FF5D3668829F}.Debug|Any CPU.ActiveCfg = Debug|Any CPU
		{D5F7CFDC-C78B-4AED-BB78-FF5D3668829F}.Debug|Any CPU.Build.0 = Debug|Any CPU
		{D5F7CFDC-C78B-4AED-BB78-FF5D3668829F}.Release|Any CPU.ActiveCfg = Release|Any CPU
		{D5F7CFDC-C78B-4AED-BB78-FF5D3668829F}.Release|Any CPU.Build.0 = Release|Any CPU
	EndGlobalSection
	GlobalSection(SolutionProperties) = preSolution
		HideSolutionNode = FALSE
	EndGlobalSection
	GlobalSection(ExtensibilityGlobals) = postSolution
		SolutionGuid = {53558D8E-A2CD-4841-8558-DD0C58F21CB0}
	EndGlobalSection
EndGlobal
